{
  "version": 4,
  "terraform_version": "1.10.1",
  "serial": 10,
  "lineage": "82105317-756d-08e3-1883-a3cb85ae8267",
  "outputs": {
    "cadvisor_endpoint": {
      "value": "http://cadvisor.example.com",
      "type": "string"
    },
    "grafana_endpoint": {
      "value": "http://grafana.example.com",
      "type": "string"
    },
    "prometheus_endpoint": {
      "value": "http://prometheus.example.com",
      "type": "string"
    },
    "traefik_endpoint": {
      "value": "http://traefik.example.com",
      "type": "string"
    }
  },
  "resources": [
    {
      "mode": "data",
      "type": "vault_kv_secret_v2",
      "name": "terraform",
      "provider": "provider[\"registry.terraform.io/hashicorp/vault\"]",
      "instances": [
        {
          "schema_version": 0,
          "attributes": {
            "created_time": "2024-12-10T12:35:15.682952894Z",
            "custom_metadata": null,
            "data": {
              "acme_email": "robbrinkkemper@gmail.com",
              "auth_network_name": "auth_network",
              "aws_access_key": "HcpMGiDuerdmO3q/7wmm3OdwrtCch0NCNJabbTW5/+E=",
              "aws_secret_key": "OD29oTU1eSH2Z2ipODzYoTXgcmYodD9UEwmJLplbMq535",
              "backup_password": "/SqBkTf0yeSmQUQnm9QgcrvYyLnis7nMYbwEVRuting=",
              "backup_retention_days": "30",
              "couchdb_password": "Huifhasu2789*\u0026^*@afsfjkA",
              "couchdb_secret": "7x!A%D*G-KaPdSgVkYp3s6v9y$B?E(HO",
              "couchdb_user": "admin",
              "grafana_admin_password": "R8429358maafA#~s9j8348v\u003cF10\u003e1",
              "grafana_admin_user": "admin",
              "keycloak_admin": "admin",
              "keycloak_admin_password": "jKJHFY\u003c\u0026^@dKKj1jaflkjk!2",
              "logging_network_name": "logging_network",
              "minio_root_password": "JKjkl\u003cF8\u003e7435fHGF*@)!$#KKD",
              "minio_root_user": "admin",
              "monitoring_network_name": "monitoring_network",
              "postgres_password": "dahkjh4243JGJDWG\u003cF7\u003e\u003cF2\u003e\u003cF9\u003e~#4JKFSl;",
              "postgres_user": "keycloak",
              "redis_password": "oiu87U\u003cS-F7\u003e3\u0026\u002652)(*fdas",
              "s3_backup_bucket": "GJKWEMncpFVMENyNpskbIHlmu2boxuQlUht3RerxDDU=",
              "traefik_admin_auth": "admin:$apr1$E.rg.KLG$nYKSo.f4rSvOBkIM99f09",
              "traefik_network_name": "traefik_network"
            },
            "data_json": "{\"acme_email\":\"robbrinkkemper@gmail.com\",\"auth_network_name\":\"auth_network\",\"aws_access_key\":\"HcpMGiDuerdmO3q/7wmm3OdwrtCch0NCNJabbTW5/+E=\",\"aws_secret_key\":\"OD29oTU1eSH2Z2ipODzYoTXgcmYodD9UEwmJLplbMq535\",\"backup_password\":\"/SqBkTf0yeSmQUQnm9QgcrvYyLnis7nMYbwEVRuting=\",\"backup_retention_days\":\"30\",\"couchdb_password\":\"Huifhasu2789*\\u0026^*@afsfjkA\",\"couchdb_secret\":\"7x!A%D*G-KaPdSgVkYp3s6v9y$B?E(HO\",\"couchdb_user\":\"admin\",\"grafana_admin_password\":\"R8429358maafA#~s9j8348v\\u003cF10\\u003e1\",\"grafana_admin_user\":\"admin\",\"keycloak_admin\":\"admin\",\"keycloak_admin_password\":\"jKJHFY\\u003c\\u0026^@dKKj1jaflkjk!2\",\"logging_network_name\":\"logging_network\",\"minio_root_password\":\"JKjkl\\u003cF8\\u003e7435fHGF*@)!$#KKD\",\"minio_root_user\":\"admin\",\"monitoring_network_name\":\"monitoring_network\",\"postgres_password\":\"dahkjh4243JGJDWG\\u003cF7\\u003e\\u003cF2\\u003e\\u003cF9\\u003e~#4JKFSl;\",\"postgres_user\":\"keycloak\",\"redis_password\":\"oiu87U\\u003cS-F7\\u003e3\\u0026\\u002652)(*fdas\",\"s3_backup_bucket\":\"GJKWEMncpFVMENyNpskbIHlmu2boxuQlUht3RerxDDU=\",\"traefik_admin_auth\":\"admin:$apr1$E.rg.KLG$nYKSo.f4rSvOBkIM99f09\",\"traefik_network_name\":\"traefik_network\"}",
            "deletion_time": "",
            "destroyed": false,
            "id": "secret/data/terraform",
            "mount": "secret",
            "name": "terraform",
            "namespace": null,
            "path": "secret/data/terraform",
            "version": null
          },
          "sensitive_attributes": [
            [
              {
                "type": "get_attr",
                "value": "data_json"
              }
            ],
            [
              {
                "type": "get_attr",
                "value": "data"
              }
            ]
          ]
        }
      ]
    },
    {
      "mode": "managed",
      "type": "docker_network",
      "name": "auth_network",
      "provider": "provider[\"registry.terraform.io/kreuzwerker/docker\"]",
      "instances": [
        {
          "schema_version": 1,
          "attributes": {
            "attachable": true,
            "check_duplicate": null,
            "driver": "overlay",
            "id": "vrnt020tgflc6rx0nqfkajf2e",
            "ingress": false,
            "internal": false,
            "ipam_config": [
              {
                "aux_address": {},
                "gateway": "10.0.2.1",
                "ip_range": "",
                "subnet": "10.0.2.0/24"
              }
            ],
            "ipam_driver": "default",
            "ipam_options": null,
            "ipv6": false,
            "labels": [],
            "name": "auth_network",
            "options": {
              "com.docker.network.driver.overlay.vxlanid_list": "4098"
            },
            "scope": "swarm"
          },
          "sensitive_attributes": [
            [
              {
                "type": "get_attr",
                "value": "name"
              }
            ]
          ],
          "private": "eyJzY2hlbWFfdmVyc2lvbiI6IjEifQ==",
          "dependencies": [
            "data.vault_kv_secret_v2.terraform"
          ]
        }
      ]
    },
    {
      "mode": "managed",
      "type": "docker_network",
      "name": "logging_network",
      "provider": "provider[\"registry.terraform.io/kreuzwerker/docker\"]",
      "instances": [
        {
          "schema_version": 1,
          "attributes": {
            "attachable": true,
            "check_duplicate": null,
            "driver": "overlay",
            "id": "isk5nyyhcgq416sm6ky9mqvqu",
            "ingress": false,
            "internal": false,
            "ipam_config": [
              {
                "aux_address": {},
                "gateway": "10.0.1.1",
                "ip_range": "",
                "subnet": "10.0.1.0/24"
              }
            ],
            "ipam_driver": "default",
            "ipam_options": null,
            "ipv6": false,
            "labels": [],
            "name": "logging_network",
            "options": {
              "com.docker.network.driver.overlay.vxlanid_list": "4097"
            },
            "scope": "swarm"
          },
          "sensitive_attributes": [
            [
              {
                "type": "get_attr",
                "value": "name"
              }
            ]
          ],
          "private": "eyJzY2hlbWFfdmVyc2lvbiI6IjEifQ==",
          "dependencies": [
            "data.vault_kv_secret_v2.terraform"
          ]
        }
      ]
    },
    {
      "module": "module.auth",
      "mode": "managed",
      "type": "docker_container",
      "name": "postgres",
      "provider": "provider[\"registry.terraform.io/kreuzwerker/docker\"]",
      "instances": [
        {
          "schema_version": 2,
          "attributes": {
            "attach": false,
            "bridge": "",
            "capabilities": [],
            "cgroupns_mode": null,
            "command": [
              "postgres"
            ],
            "container_logs": null,
            "container_read_refresh_timeout_milliseconds": 15000,
            "cpu_set": "",
            "cpu_shares": 0,
            "destroy_grace_seconds": null,
            "devices": [],
            "dns": null,
            "dns_opts": null,
            "dns_search": null,
            "domainname": "",
            "entrypoint": [
              "docker-entrypoint.sh"
            ],
            "env": [
              "POSTGRES_DB=keycloak",
              "POSTGRES_PASSWORD=dahkjh4243JGJDWG\u003cF7\u003e\u003cF2\u003e\u003cF9\u003e~#4JKFSl;",
              "POSTGRES_USER=keycloak"
            ],
            "exit_code": null,
            "gpus": null,
            "group_add": null,
            "healthcheck": [
              {
                "interval": "10s",
                "retries": 5,
                "start_period": "10s",
                "test": [
                  "CMD-SHELL",
                  "pg_isready -U keycloak -d keycloak"
                ],
                "timeout": "5s"
              }
            ],
            "host": [],
            "hostname": "df1b17a0789c",
            "id": "df1b17a0789c376c9adf8f8fbef787524047ca284d60dadc397c8e5ed3c49c6c",
            "image": "sha256:f60833e1219deb3762254ecfd1aefd95d99996c0ef5719ff458d5edc9e429546",
            "init": false,
            "ipc_mode": "private",
            "labels": [],
            "log_driver": "json-file",
            "log_opts": null,
            "logs": false,
            "max_retry_count": 0,
            "memory": 0,
            "memory_swap": 0,
            "mounts": [],
            "must_run": true,
            "name": "postgres",
            "network_data": [
              {
                "gateway": "",
                "global_ipv6_address": "",
                "global_ipv6_prefix_length": 0,
                "ip_address": "10.0.2.2",
                "ip_prefix_length": 24,
                "ipv6_gateway": "",
                "mac_address": "02:42:0a:00:02:02",
                "network_name": "auth_network"
              }
            ],
            "network_mode": "bridge",
            "networks_advanced": [
              {
                "aliases": [],
                "ipv4_address": "",
                "ipv6_address": "",
                "name": "auth_network"
              }
            ],
            "pid_mode": "",
            "ports": [],
            "privileged": false,
            "publish_all_ports": false,
            "read_only": false,
            "remove_volumes": true,
            "restart": "no",
            "rm": false,
            "runtime": "runc",
            "security_opts": [],
            "shm_size": 64,
            "start": true,
            "stdin_open": false,
            "stop_signal": "SIGINT",
            "stop_timeout": 0,
            "storage_opts": null,
            "sysctls": null,
            "tmpfs": null,
            "tty": false,
            "ulimit": [],
            "upload": [],
            "user": "",
            "userns_mode": "",
            "volumes": [
              {
                "container_path": "/var/lib/postgresql/data",
                "from_container": "",
                "host_path": "/home/rob/repos/infrastructure/terraform/auth/postgres-data",
                "read_only": null,
                "volume_name": ""
              }
            ],
            "wait": false,
            "wait_timeout": 60,
            "working_dir": ""
          },
          "sensitive_attributes": [
            [
              {
                "type": "get_attr",
                "value": "env"
              }
            ],
            [
              {
                "type": "get_attr",
                "value": "healthcheck"
              },
              {
                "type": "index",
                "value": {
                  "value": 0,
                  "type": "number"
                }
              },
              {
                "type": "get_attr",
                "value": "test"
              },
              {
                "type": "index",
                "value": {
                  "value": 1,
                  "type": "number"
                }
              }
            ],
            [
              {
                "type": "get_attr",
                "value": "networks_advanced"
              }
            ]
          ],
          "private": "eyJzY2hlbWFfdmVyc2lvbiI6IjIifQ==",
          "dependencies": [
            "data.vault_kv_secret_v2.terraform",
            "docker_network.auth_network"
          ]
        }
      ]
    }
  ],
  "check_results": null
}
