{
  "version": 4,
  "terraform_version": "1.10.0",
  "serial": 46,
  "lineage": "17ce5ceb-12f9-0547-8e6d-73b35880dd16",
  "outputs": {
    "keycloak_network_id": {
      "value": "pqc4llwg9tjarb16q2td94b0p",
      "type": "string"
    },
    "monitoring_net_id": {
      "value": "5ijb9df0l6ek27xg5d6q2u213",
      "type": "string"
    },
    "traefik_endpoint": {
      "value": "http://localhost:8082",
      "type": "string"
    },
    "webnet_id": {
      "value": "t5ijcukfljyqggzwkhojp5ezg",
      "type": "string"
    }
  },
  "resources": [
    {
      "mode": "managed",
      "type": "docker_config",
      "name": "traefik_config",
      "provider": "provider[\"registry.terraform.io/kreuzwerker/docker\"]",
      "instances": [
        {
          "schema_version": 0,
          "attributes": {
            "data": "YXBpOgogIGRhc2hib2FyZDogdHJ1ZQogIGluc2VjdXJlOiB0cnVlCiAgICAKZW50cnlQb2ludHM6CiAgd2ViOgogICAgYWRkcmVzczogIjo4MCIKICB3ZWJzZWN1cmU6CiAgICBhZGRyZXNzOiAiOjQ0MyIKICBkYXNoYm9hcmQ6CiAgICBhZGRyZXNzOiAiOjgwODIiCiAgICAKcHJvdmlkZXJzOgogIGRvY2tlcjoKICAgIGVuZHBvaW50OiAidW5peDovLy92YXIvcnVuL2RvY2tlci5zb2NrIgogICAgc3dhcm1Nb2RlOiB0cnVlCiAgICBleHBvc2VkQnlEZWZhdWx0OiBmYWxzZQogICAgbmV0d29yazogIndlYm5ldCIKICAgICAgICAKbG9nOgogIGxldmVsOiAiREVCVUciCiAgICAgIApjZXJ0aWZpY2F0ZXNSZXNvbHZlcnM6CiAgbGV0c2VuY3J5cHQ6CiAgICBhY21lOgogICAgICBlbWFpbDogInJvYmJyaW5ra2VtcGVyQGdtYWlsLmNvbSIKICAgICAgc3RvcmFnZTogIi9sZXRzZW5jcnlwdC9hY21lLmpzb24iCiAgICAgIGh0dHBDaGFsbGVuZ2U6CiAgICAgICAgZW50cnlQb2ludDogd2ViCg==",
            "id": "zeq19dqrdkxgr1sj7p9ffy59x",
            "name": "traefik-config-2024-12-05T09-28-17Z"
          },
          "sensitive_attributes": [],
          "private": "bnVsbA=="
        }
      ]
    },
    {
      "mode": "managed",
      "type": "docker_network",
      "name": "keycloak_network",
      "provider": "provider[\"registry.terraform.io/kreuzwerker/docker\"]",
      "instances": [
        {
          "schema_version": 1,
          "attributes": {
            "attachable": false,
            "check_duplicate": null,
            "driver": "overlay",
            "id": "pqc4llwg9tjarb16q2td94b0p",
            "ingress": false,
            "internal": false,
            "ipam_config": [
              {
                "aux_address": {},
                "gateway": "10.0.3.1",
                "ip_range": "",
                "subnet": "10.0.3.0/24"
              }
            ],
            "ipam_driver": "default",
            "ipam_options": null,
            "ipv6": false,
            "labels": [],
            "name": "keycloak_network",
            "options": {
              "com.docker.network.driver.overlay.vxlanid_list": "4109"
            },
            "scope": "swarm"
          },
          "sensitive_attributes": [],
          "private": "eyJzY2hlbWFfdmVyc2lvbiI6IjEifQ=="
        }
      ]
    },
    {
      "mode": "managed",
      "type": "docker_network",
      "name": "monitoring_net",
      "provider": "provider[\"registry.terraform.io/kreuzwerker/docker\"]",
      "instances": [
        {
          "schema_version": 1,
          "attributes": {
            "attachable": false,
            "check_duplicate": null,
            "driver": "overlay",
            "id": "5ijb9df0l6ek27xg5d6q2u213",
            "ingress": false,
            "internal": false,
            "ipam_config": [
              {
                "aux_address": {},
                "gateway": "10.0.1.1",
                "ip_range": "",
                "subnet": "10.0.1.0/24"
              }
            ],
            "ipam_driver": "default",
            "ipam_options": null,
            "ipv6": false,
            "labels": [],
            "name": "monitoring_net",
            "options": {
              "com.docker.network.driver.overlay.vxlanid_list": "4107"
            },
            "scope": "swarm"
          },
          "sensitive_attributes": [],
          "private": "eyJzY2hlbWFfdmVyc2lvbiI6IjEifQ=="
        }
      ]
    },
    {
      "mode": "managed",
      "type": "docker_network",
      "name": "webnet",
      "provider": "provider[\"registry.terraform.io/kreuzwerker/docker\"]",
      "instances": [
        {
          "schema_version": 1,
          "attributes": {
            "attachable": false,
            "check_duplicate": null,
            "driver": "overlay",
            "id": "t5ijcukfljyqggzwkhojp5ezg",
            "ingress": false,
            "internal": false,
            "ipam_config": [
              {
                "aux_address": {},
                "gateway": "10.0.2.1",
                "ip_range": "",
                "subnet": "10.0.2.0/24"
              }
            ],
            "ipam_driver": "default",
            "ipam_options": null,
            "ipv6": false,
            "labels": [],
            "name": "webnet",
            "options": {
              "com.docker.network.driver.overlay.vxlanid_list": "4108"
            },
            "scope": "swarm"
          },
          "sensitive_attributes": [],
          "private": "eyJzY2hlbWFfdmVyc2lvbiI6IjEifQ=="
        }
      ]
    },
    {
      "mode": "managed",
      "type": "docker_service",
      "name": "traefik",
      "provider": "provider[\"registry.terraform.io/kreuzwerker/docker\"]",
      "instances": [
        {
          "schema_version": 2,
          "attributes": {
            "auth": [],
            "converge_config": [],
            "endpoint_spec": [
              {
                "mode": "vip",
                "ports": [
                  {
                    "name": "web",
                    "protocol": "tcp",
                    "publish_mode": "ingress",
                    "published_port": 80,
                    "target_port": 80
                  },
                  {
                    "name": "websecure",
                    "protocol": "tcp",
                    "publish_mode": "ingress",
                    "published_port": 443,
                    "target_port": 443
                  },
                  {
                    "name": "dashboard",
                    "protocol": "tcp",
                    "publish_mode": "ingress",
                    "published_port": 8082,
                    "target_port": 8080
                  }
                ]
              }
            ],
            "id": "k90c74c6dreyo0trwpipsx555",
            "labels": [],
            "mode": [
              {
                "global": false,
                "replicated": [
                  {
                    "replicas": 1
                  }
                ]
              }
            ],
            "name": "traefik",
            "rollback_config": [],
            "task_spec": [
              {
                "container_spec": [
                  {
                    "args": null,
                    "command": null,
                    "configs": [
                      {
                        "config_id": "zeq19dqrdkxgr1sj7p9ffy59x",
                        "config_name": "traefik-config-2024-12-05T09-28-17Z",
                        "file_gid": "0",
                        "file_mode": 292,
                        "file_name": "/etc/traefik/traefik.yml",
                        "file_uid": "0"
                      }
                    ],
                    "dir": "",
                    "dns_config": [
                      {
                        "nameservers": null,
                        "options": null,
                        "search": null
                      }
                    ],
                    "env": null,
                    "groups": null,
                    "healthcheck": [
                      {
                        "interval": "0s",
                        "retries": 0,
                        "start_period": "0s",
                        "test": [],
                        "timeout": "0s"
                      }
                    ],
                    "hostname": "",
                    "hosts": [],
                    "image": "traefik:v2.10@sha256:6341b98aec5ec8969b99e9730f4c5b22cca3103d42b6bbe4b7a3c910758fe565",
                    "isolation": "default",
                    "labels": [
                      {
                        "label": "traefik.enable",
                        "value": "true"
                      },
                      {
                        "label": "traefik.http.routers.api.entrypoints",
                        "value": "dashboard"
                      },
                      {
                        "label": "traefik.http.routers.api.rule",
                        "value": "PathPrefix(`/api`) || PathPrefix(`/dashboard`)"
                      },
                      {
                        "label": "traefik.http.routers.api.service",
                        "value": "api@internal"
                      }
                    ],
                    "mounts": [
                      {
                        "bind_options": [],
                        "read_only": true,
                        "source": "/var/run/docker.sock",
                        "target": "/var/run/docker.sock",
                        "tmpfs_options": [],
                        "type": "bind",
                        "volume_options": []
                      },
                      {
                        "bind_options": [],
                        "read_only": null,
                        "source": "traefik-certificates",
                        "target": "/letsencrypt",
                        "tmpfs_options": [],
                        "type": "volume",
                        "volume_options": []
                      }
                    ],
                    "privileges": [],
                    "read_only": false,
                    "secrets": [],
                    "stop_grace_period": "0s",
                    "stop_signal": "",
                    "sysctl": null,
                    "user": ""
                  }
                ],
                "force_update": 0,
                "log_driver": [],
                "networks_advanced": [
                  {
                    "aliases": [],
                    "driver_opts": [],
                    "name": "webnet"
                  }
                ],
                "placement": [
                  {
                    "constraints": [
                      "node.role == manager"
                    ],
                    "max_replicas": 0,
                    "platforms": [],
                    "prefs": null
                  }
                ],
                "resources": [
                  {
                    "limits": [],
                    "reservation": []
                  }
                ],
                "restart_policy": [
                  {
                    "condition": "any",
                    "delay": "",
                    "max_attempts": 0,
                    "window": ""
                  }
                ],
                "runtime": "container"
              }
            ],
            "update_config": []
          },
          "sensitive_attributes": [],
          "private": "eyJzY2hlbWFfdmVyc2lvbiI6IjIifQ==",
          "dependencies": [
            "docker_config.traefik_config",
            "docker_network.webnet",
            "docker_volume.traefik_certificates"
          ]
        }
      ]
    },
    {
      "mode": "managed",
      "type": "docker_volume",
      "name": "traefik_certificates",
      "provider": "provider[\"registry.terraform.io/kreuzwerker/docker\"]",
      "instances": [
        {
          "schema_version": 1,
          "attributes": {
            "driver": "local",
            "driver_opts": null,
            "id": "traefik-certificates",
            "labels": [],
            "mountpoint": "/var/lib/docker/volumes/traefik-certificates/_data",
            "name": "traefik-certificates"
          },
          "sensitive_attributes": [],
          "private": "eyJzY2hlbWFfdmVyc2lvbiI6IjEifQ=="
        }
      ]
    }
  ],
  "check_results": null
}
