{
  "version": 4,
  "terraform_version": "1.10.1",
  "serial": 1634,
  "lineage": "17ce5ceb-12f9-0547-8e6d-73b35880dd16",
  "outputs": {
    "cadvisor_endpoint": {
      "value": "http://cadvisor.example.com",
      "type": "string"
    },
    "grafana_endpoint": {
      "value": "http://grafana.example.com",
      "type": "string"
    },
    "prometheus_endpoint": {
      "value": "http://prometheus.example.com",
      "type": "string"
    },
    "traefik_endpoint": {
      "value": "http://traefik.example.com",
      "type": "string"
    }
  },
  "resources": [
    {
      "mode": "data",
      "type": "vault_kv_secret_v2",
      "name": "terraform_secrets",
      "provider": "provider[\"registry.terraform.io/hashicorp/vault\"]",
      "instances": [
        {
          "schema_version": 0,
          "attributes": {
            "created_time": "2024-12-09T19:30:41.371955953Z",
            "custom_metadata": null,
            "data": {
              "acme_email": "robbrinkkemper@gmail.com",
              "auth_network_name": "auth_network",
              "aws_access_key": "HcpMGiDuerdmO3q/7wmm3OdwrtCch0NCNJabbTW5/+E=",
              "aws_secret_key": "OD29oTU1eSH2Z2ipODzYoTXgcmYodD9UEwmJLplbMq535",
              "backup_password": "/SqBkTf0yeSmQUQnm9QgcrvYyLnis7nMYbwEVRuting=",
              "backup_retention_days": "30",
              "couchdb_password": "Huifhasu2789*\u0026^*@afsfjkA",
              "couchdb_secret": "7x!A%D*G-KaPdSgVkYp3s6v9y$B?E(HO",
              "couchdb_user": "admin",
              "grafana_admin_password": "R8429358maafA#~s9j8348v\u003cF10\u003e1",
              "grafana_admin_user": "admin",
              "keycloak_admin": "admin",
              "keycloak_admin_password": "jKJHFY\u003c\u0026^@dKKj1jaflkjk!2",
              "logging_network_name": "logging_network",
              "minio_root_password": "JKjkl\u003cF8\u003e7435fHGF*@)!$#KKD",
              "minio_root_user": "admin",
              "monitoring_network_name": "monitoring_network",
              "postgres_password": "dahkjh4243JGJDWG\u003cF7\u003e\u003cF2\u003e\u003cF9\u003e~#4JKFSl;",
              "postgres_user": "keycloak",
              "redis_password": "oiu87U\u003cS-F7\u003e3\u0026\u002652)(*fdas",
              "s3_backup_bucket": "GJKWEMncpFVMENyNpskbIHlmu2boxuQlUht3RerxDDU=",
              "traefik_admin_auth": "admin:$apr1$E.rg.KLG$nYKSo.f4rSvOBkIM99f09",
              "traefik_network_name": "traefik_network"
            },
            "data_json": "{\"acme_email\":\"robbrinkkemper@gmail.com\",\"auth_network_name\":\"auth_network\",\"aws_access_key\":\"HcpMGiDuerdmO3q/7wmm3OdwrtCch0NCNJabbTW5/+E=\",\"aws_secret_key\":\"OD29oTU1eSH2Z2ipODzYoTXgcmYodD9UEwmJLplbMq535\",\"backup_password\":\"/SqBkTf0yeSmQUQnm9QgcrvYyLnis7nMYbwEVRuting=\",\"backup_retention_days\":\"30\",\"couchdb_password\":\"Huifhasu2789*\\u0026^*@afsfjkA\",\"couchdb_secret\":\"7x!A%D*G-KaPdSgVkYp3s6v9y$B?E(HO\",\"couchdb_user\":\"admin\",\"grafana_admin_password\":\"R8429358maafA#~s9j8348v\\u003cF10\\u003e1\",\"grafana_admin_user\":\"admin\",\"keycloak_admin\":\"admin\",\"keycloak_admin_password\":\"jKJHFY\\u003c\\u0026^@dKKj1jaflkjk!2\",\"logging_network_name\":\"logging_network\",\"minio_root_password\":\"JKjkl\\u003cF8\\u003e7435fHGF*@)!$#KKD\",\"minio_root_user\":\"admin\",\"monitoring_network_name\":\"monitoring_network\",\"postgres_password\":\"dahkjh4243JGJDWG\\u003cF7\\u003e\\u003cF2\\u003e\\u003cF9\\u003e~#4JKFSl;\",\"postgres_user\":\"keycloak\",\"redis_password\":\"oiu87U\\u003cS-F7\\u003e3\\u0026\\u002652)(*fdas\",\"s3_backup_bucket\":\"GJKWEMncpFVMENyNpskbIHlmu2boxuQlUht3RerxDDU=\",\"traefik_admin_auth\":\"admin:$apr1$E.rg.KLG$nYKSo.f4rSvOBkIM99f09\",\"traefik_network_name\":\"traefik_network\"}",
            "deletion_time": "",
            "destroyed": false,
            "id": "secret/data/terraform",
            "mount": "secret",
            "name": "terraform",
            "namespace": null,
            "path": "secret/data/terraform",
            "version": null
          },
          "sensitive_attributes": [
            [
              {
                "type": "get_attr",
                "value": "data_json"
              }
            ],
            [
              {
                "type": "get_attr",
                "value": "data"
              }
            ]
          ]
        }
      ]
    },
    {
      "mode": "managed",
      "type": "docker_container",
      "name": "traefik",
      "provider": "provider[\"registry.terraform.io/kreuzwerker/docker\"]",
      "instances": [
        {
          "schema_version": 2,
          "attributes": {
            "attach": false,
            "bridge": "",
            "capabilities": [],
            "cgroupns_mode": null,
            "command": [
              "traefik"
            ],
            "container_logs": null,
            "container_read_refresh_timeout_milliseconds": 15000,
            "cpu_set": "",
            "cpu_shares": 0,
            "destroy_grace_seconds": null,
            "devices": [],
            "dns": null,
            "dns_opts": null,
            "dns_search": null,
            "domainname": "",
            "entrypoint": [
              "/entrypoint.sh"
            ],
            "env": [
              "TRAEFIK_API_DASHBOARD=true",
              "TRAEFIK_API_INSECURE=false",
              "TRAEFIK_CERTIFICATESRESOLVERS_LE_ACME_EMAIL=robbrinkkemper@gmail.com",
              "TRAEFIK_CERTIFICATESRESOLVERS_LE_ACME_HTTPCHALLENGE=true",
              "TRAEFIK_CERTIFICATESRESOLVERS_LE_ACME_HTTPCHALLENGE_ENTRYPOINT=http",
              "TRAEFIK_CERTIFICATESRESOLVERS_LE_ACME_STORAGE=/letsencrypt/acme.json",
              "TRAEFIK_ENTRYPOINTS_HTTPS_ADDRESS=:443",
              "TRAEFIK_ENTRYPOINTS_HTTP_ADDRESS=:80",
              "TRAEFIK_PROVIDERS_DOCKER=true",
              "TRAEFIK_PROVIDERS_DOCKER_EXPOSEDBYDEFAULT=false"
            ],
            "exit_code": null,
            "gpus": null,
            "group_add": null,
            "healthcheck": null,
            "host": [],
            "hostname": "2ee3dbb2b018",
            "id": "2ee3dbb2b0185e58c3249742cafa096ef9766d47afe56a252e2a0231283c12a9",
            "image": "sha256:de1a7c9d5d63d8ab27b26f16474a74e78d252007d3a67ff08dcbad418eb335ae",
            "init": false,
            "ipc_mode": "private",
            "labels": [
              {
                "label": "traefik.enable",
                "value": "true"
              },
              {
                "label": "traefik.http.routers.api.entrypoints",
                "value": "https"
              },
              {
                "label": "traefik.http.routers.api.middlewares",
                "value": "auth"
              },
              {
                "label": "traefik.http.routers.api.rule",
                "value": "Host(`traefik.example.com`)"
              },
              {
                "label": "traefik.http.routers.api.service",
                "value": "api@internal"
              },
              {
                "label": "traefik.http.routers.api.tls",
                "value": "true"
              }
            ],
            "log_driver": "json-file",
            "log_opts": null,
            "logs": false,
            "max_retry_count": 0,
            "memory": 0,
            "memory_swap": 0,
            "mounts": [],
            "must_run": true,
            "name": "traefik",
            "network_data": [
              {
                "gateway": "",
                "global_ipv6_address": "",
                "global_ipv6_prefix_length": 0,
                "ip_address": "10.0.5.202",
                "ip_prefix_length": 24,
                "ipv6_gateway": "",
                "mac_address": "02:42:0a:00:05:ca",
                "network_name": "traefik_network"
              }
            ],
            "network_mode": "bridge",
            "networks_advanced": [
              {
                "aliases": [],
                "ipv4_address": "",
                "ipv6_address": "",
                "name": "traefik_network"
              }
            ],
            "pid_mode": "",
            "ports": [
              {
                "external": 80,
                "internal": 80,
                "ip": "0.0.0.0",
                "protocol": "tcp"
              },
              {
                "external": 443,
                "internal": 443,
                "ip": "0.0.0.0",
                "protocol": "tcp"
              },
              {
                "external": 8081,
                "internal": 8080,
                "ip": "0.0.0.0",
                "protocol": "tcp"
              }
            ],
            "privileged": false,
            "publish_all_ports": false,
            "read_only": false,
            "remove_volumes": true,
            "restart": "no",
            "rm": false,
            "runtime": "runc",
            "security_opts": [],
            "shm_size": 64,
            "start": true,
            "stdin_open": false,
            "stop_signal": "",
            "stop_timeout": 0,
            "storage_opts": null,
            "sysctls": null,
            "tmpfs": null,
            "tty": false,
            "ulimit": [],
            "upload": [],
            "user": "",
            "userns_mode": "",
            "volumes": [
              {
                "container_path": "/letsencrypt",
                "from_container": "",
                "host_path": "/absolute/path/to/letsencrypt",
                "read_only": null,
                "volume_name": ""
              },
              {
                "container_path": "/var/run/docker.sock",
                "from_container": "",
                "host_path": "/var/run/docker.sock",
                "read_only": null,
                "volume_name": ""
              }
            ],
            "wait": false,
            "wait_timeout": 60,
            "working_dir": ""
          },
          "sensitive_attributes": [
            [
              {
                "type": "get_attr",
                "value": "networks_advanced"
              }
            ],
            [
              {
                "type": "get_attr",
                "value": "env"
              }
            ]
          ],
          "private": "eyJzY2hlbWFfdmVyc2lvbiI6IjIifQ==",
          "dependencies": [
            "data.vault_kv_secret_v2.terraform_secrets",
            "docker_network.traefik_network"
          ]
        }
      ]
    },
    {
      "mode": "managed",
      "type": "docker_network",
      "name": "auth_network",
      "provider": "provider[\"registry.terraform.io/kreuzwerker/docker\"]",
      "instances": [
        {
          "schema_version": 1,
          "attributes": {
            "attachable": true,
            "check_duplicate": null,
            "driver": "overlay",
            "id": "sjne2kvgfy18zffg0vgujjtee",
            "ingress": false,
            "internal": false,
            "ipam_config": [
              {
                "aux_address": {},
                "gateway": "10.0.1.1",
                "ip_range": "",
                "subnet": "10.0.1.0/24"
              }
            ],
            "ipam_driver": "default",
            "ipam_options": null,
            "ipv6": false,
            "labels": [],
            "name": "auth_network",
            "options": {
              "com.docker.network.driver.overlay.vxlanid_list": "4097"
            },
            "scope": "swarm"
          },
          "sensitive_attributes": [
            [
              {
                "type": "get_attr",
                "value": "name"
              }
            ]
          ],
          "private": "eyJzY2hlbWFfdmVyc2lvbiI6IjEifQ==",
          "dependencies": [
            "data.vault_kv_secret_v2.terraform_secrets"
          ]
        }
      ]
    },
    {
      "mode": "managed",
      "type": "docker_network",
      "name": "logging_network",
      "provider": "provider[\"registry.terraform.io/kreuzwerker/docker\"]",
      "instances": [
        {
          "schema_version": 1,
          "attributes": {
            "attachable": true,
            "check_duplicate": null,
            "driver": "overlay",
            "id": "p4oh29d6isve2ff407s06tjl8",
            "ingress": false,
            "internal": false,
            "ipam_config": [
              {
                "aux_address": {},
                "gateway": "10.0.2.1",
                "ip_range": "",
                "subnet": "10.0.2.0/24"
              }
            ],
            "ipam_driver": "default",
            "ipam_options": null,
            "ipv6": false,
            "labels": [],
            "name": "logging_network",
            "options": {
              "com.docker.network.driver.overlay.vxlanid_list": "4098"
            },
            "scope": "swarm"
          },
          "sensitive_attributes": [
            [
              {
                "type": "get_attr",
                "value": "name"
              }
            ]
          ],
          "private": "eyJzY2hlbWFfdmVyc2lvbiI6IjEifQ==",
          "dependencies": [
            "data.vault_kv_secret_v2.terraform_secrets"
          ]
        }
      ]
    },
    {
      "mode": "managed",
      "type": "docker_network",
      "name": "monitoring_network",
      "provider": "provider[\"registry.terraform.io/kreuzwerker/docker\"]",
      "instances": [
        {
          "schema_version": 1,
          "attributes": {
            "attachable": true,
            "check_duplicate": null,
            "driver": "overlay",
            "id": "6y73k191rc64h6882u61lr3do",
            "ingress": false,
            "internal": false,
            "ipam_config": [
              {
                "aux_address": {},
                "gateway": "10.0.6.1",
                "ip_range": "",
                "subnet": "10.0.6.0/24"
              }
            ],
            "ipam_driver": "default",
            "ipam_options": {},
            "ipv6": false,
            "labels": [],
            "name": "monitoring_network",
            "options": {
              "com.docker.network.driver.overlay.vxlanid_list": "4115"
            },
            "scope": "swarm"
          },
          "sensitive_attributes": [
            [
              {
                "type": "get_attr",
                "value": "name"
              }
            ]
          ],
          "private": "eyJzY2hlbWFfdmVyc2lvbiI6IjEifQ==",
          "dependencies": [
            "data.vault_kv_secret_v2.terraform_secrets"
          ]
        }
      ]
    },
    {
      "mode": "managed",
      "type": "docker_network",
      "name": "traefik_network",
      "provider": "provider[\"registry.terraform.io/kreuzwerker/docker\"]",
      "instances": [
        {
          "schema_version": 1,
          "attributes": {
            "attachable": true,
            "check_duplicate": null,
            "driver": "overlay",
            "id": "wtfymt1kmi1enyaudetv7728m",
            "ingress": false,
            "internal": false,
            "ipam_config": [
              {
                "aux_address": {},
                "gateway": "10.0.5.1",
                "ip_range": "",
                "subnet": "10.0.5.0/24"
              }
            ],
            "ipam_driver": "default",
            "ipam_options": {},
            "ipv6": false,
            "labels": [],
            "name": "traefik_network",
            "options": {
              "com.docker.network.driver.overlay.vxlanid_list": "4114"
            },
            "scope": "swarm"
          },
          "sensitive_attributes": [
            [
              {
                "type": "get_attr",
                "value": "name"
              }
            ]
          ],
          "private": "eyJzY2hlbWFfdmVyc2lvbiI6IjEifQ==",
          "dependencies": [
            "data.vault_kv_secret_v2.terraform_secrets"
          ]
        }
      ]
    },
    {
      "module": "module.auth",
      "mode": "managed",
      "type": "docker_container",
      "name": "keycloak",
      "provider": "provider[\"registry.terraform.io/kreuzwerker/docker\"]",
      "instances": [
        {
          "schema_version": 2,
          "attributes": {
            "attach": false,
            "bridge": "",
            "capabilities": [],
            "cgroupns_mode": null,
            "command": [
              "start-dev",
              "--db=postgres",
              "--hostname=https://auth.example.com",
              "--hostname-admin=https://auth.example.com",
              "--proxy-headers=forwarded",
              "--http-enabled=true",
              "--http-port=8080",
              "--https-port=8443"
            ],
            "container_logs": null,
            "container_read_refresh_timeout_milliseconds": 15000,
            "cpu_set": "",
            "cpu_shares": 0,
            "destroy_grace_seconds": null,
            "devices": [],
            "dns": null,
            "dns_opts": null,
            "dns_search": null,
            "domainname": "",
            "entrypoint": [
              "/opt/keycloak/bin/kc.sh"
            ],
            "env": [
              "KC_BOOTSTRAP_ADMIN_PASSWORD=jKJHFY\u003c\u0026^@dKKj1jaflkjk!2",
              "KC_BOOTSTRAP_ADMIN_USERNAME=admin",
              "KC_DB_PASSWORD=dahkjh4243JGJDWG\u003cF7\u003e\u003cF2\u003e\u003cF9\u003e~#4JKFSl;",
              "KC_DB_URL=jdbc:postgresql://postgres:5432/keycloak",
              "KC_DB_USERNAME=keycloak",
              "KEYCLOAK_ADMIN=admin",
              "KEYCLOAK_ADMIN_PASSWORD=jKJHFY\u003c\u0026^@dKKj1jaflkjk!2"
            ],
            "exit_code": null,
            "gpus": null,
            "group_add": null,
            "healthcheck": [
              {
                "interval": "30s",
                "retries": 3,
                "start_period": "30s",
                "test": [
                  "CMD",
                  "curl",
                  "-f",
                  "http://localhost:8080/health"
                ],
                "timeout": "10s"
              }
            ],
            "host": [],
            "hostname": "090291b95a74",
            "id": "090291b95a746a5bf93b9ce0e98a7a0d496f504b13a56199c7020e307fdc471c",
            "image": "sha256:469d050236bb5aa652a4ae97d5dbcf02c1af4c15bbb2ea088f7d30802f67fcf5",
            "init": false,
            "ipc_mode": "private",
            "labels": [
              {
                "label": "traefik.enable",
                "value": "true"
              },
              {
                "label": "traefik.http.routers.keycloak.entrypoints",
                "value": "https"
              },
              {
                "label": "traefik.http.routers.keycloak.rule",
                "value": "Host(`auth.example.com`)"
              },
              {
                "label": "traefik.http.routers.keycloak.tls",
                "value": "true"
              },
              {
                "label": "traefik.http.services.keycloak.loadbalancer.server.port",
                "value": "8080"
              }
            ],
            "log_driver": "json-file",
            "log_opts": null,
            "logs": false,
            "max_retry_count": 0,
            "memory": 0,
            "memory_swap": 0,
            "mounts": [],
            "must_run": true,
            "name": "keycloak",
            "network_data": [
              {
                "gateway": "",
                "global_ipv6_address": "",
                "global_ipv6_prefix_length": 0,
                "ip_address": "10.0.5.218",
                "ip_prefix_length": 24,
                "ipv6_gateway": "",
                "mac_address": "02:42:0a:00:05:da",
                "network_name": "traefik_network"
              },
              {
                "gateway": "",
                "global_ipv6_address": "",
                "global_ipv6_prefix_length": 0,
                "ip_address": "10.0.1.4",
                "ip_prefix_length": 24,
                "ipv6_gateway": "",
                "mac_address": "02:42:0a:00:01:04",
                "network_name": "auth_network"
              }
            ],
            "network_mode": "bridge",
            "networks_advanced": [
              {
                "aliases": [],
                "ipv4_address": "",
                "ipv6_address": "",
                "name": "auth_network"
              },
              {
                "aliases": [],
                "ipv4_address": "",
                "ipv6_address": "",
                "name": "traefik_network"
              }
            ],
            "pid_mode": "",
            "ports": [],
            "privileged": false,
            "publish_all_ports": false,
            "read_only": false,
            "remove_volumes": true,
            "restart": "no",
            "rm": false,
            "runtime": "runc",
            "security_opts": [],
            "shm_size": 64,
            "start": true,
            "stdin_open": false,
            "stop_signal": "",
            "stop_timeout": 0,
            "storage_opts": null,
            "sysctls": null,
            "tmpfs": null,
            "tty": false,
            "ulimit": [],
            "upload": [],
            "user": "1000",
            "userns_mode": "",
            "volumes": [],
            "wait": false,
            "wait_timeout": 60,
            "working_dir": "/"
          },
          "sensitive_attributes": [
            [
              {
                "type": "get_attr",
                "value": "networks_advanced"
              }
            ],
            [
              {
                "type": "get_attr",
                "value": "env"
              }
            ]
          ],
          "private": "eyJzY2hlbWFfdmVyc2lvbiI6IjIifQ==",
          "dependencies": [
            "data.vault_kv_secret_v2.terraform_secrets",
            "docker_network.auth_network",
            "docker_network.traefik_network",
            "module.auth.docker_container.postgres"
          ]
        }
      ]
    },
    {
      "module": "module.auth",
      "mode": "managed",
      "type": "docker_container",
      "name": "postgres",
      "provider": "provider[\"registry.terraform.io/kreuzwerker/docker\"]",
      "instances": [
        {
          "schema_version": 2,
          "attributes": {
            "attach": false,
            "bridge": "",
            "capabilities": [],
            "cgroupns_mode": null,
            "command": [
              "postgres"
            ],
            "container_logs": null,
            "container_read_refresh_timeout_milliseconds": 15000,
            "cpu_set": "",
            "cpu_shares": 0,
            "destroy_grace_seconds": null,
            "devices": [],
            "dns": null,
            "dns_opts": null,
            "dns_search": null,
            "domainname": "",
            "entrypoint": [
              "docker-entrypoint.sh"
            ],
            "env": [
              "POSTGRES_DB=keycloak",
              "POSTGRES_PASSWORD=dahkjh4243JGJDWG\u003cF7\u003e\u003cF2\u003e\u003cF9\u003e~#4JKFSl;",
              "POSTGRES_USER=keycloak"
            ],
            "exit_code": null,
            "gpus": null,
            "group_add": null,
            "healthcheck": [
              {
                "interval": "10s",
                "retries": 5,
                "start_period": "10s",
                "test": [
                  "CMD-SHELL",
                  "pg_isready -U keycloak -d keycloak"
                ],
                "timeout": "5s"
              }
            ],
            "host": [],
            "hostname": "df595b32a932",
            "id": "df595b32a9321dba7339dd6107c23d543e26bacd4ce65186700b5576c972bc76",
            "image": "sha256:f60833e1219deb3762254ecfd1aefd95d99996c0ef5719ff458d5edc9e429546",
            "init": false,
            "ipc_mode": "private",
            "labels": [],
            "log_driver": "json-file",
            "log_opts": null,
            "logs": false,
            "max_retry_count": 0,
            "memory": 0,
            "memory_swap": 0,
            "mounts": [],
            "must_run": true,
            "name": "postgres",
            "network_data": [
              {
                "gateway": "",
                "global_ipv6_address": "",
                "global_ipv6_prefix_length": 0,
                "ip_address": "10.0.1.2",
                "ip_prefix_length": 24,
                "ipv6_gateway": "",
                "mac_address": "02:42:0a:00:01:02",
                "network_name": "auth_network"
              }
            ],
            "network_mode": "bridge",
            "networks_advanced": [
              {
                "aliases": [],
                "ipv4_address": "",
                "ipv6_address": "",
                "name": "auth_network"
              }
            ],
            "pid_mode": "",
            "ports": [],
            "privileged": false,
            "publish_all_ports": false,
            "read_only": false,
            "remove_volumes": true,
            "restart": "no",
            "rm": false,
            "runtime": "runc",
            "security_opts": [],
            "shm_size": 64,
            "start": true,
            "stdin_open": false,
            "stop_signal": "SIGINT",
            "stop_timeout": 0,
            "storage_opts": null,
            "sysctls": null,
            "tmpfs": null,
            "tty": false,
            "ulimit": [],
            "upload": [],
            "user": "",
            "userns_mode": "",
            "volumes": [
              {
                "container_path": "/var/lib/postgresql/data",
                "from_container": "",
                "host_path": "/home/rob/repos/infrastructure/terraform/auth/postgres-data",
                "read_only": null,
                "volume_name": ""
              }
            ],
            "wait": false,
            "wait_timeout": 60,
            "working_dir": ""
          },
          "sensitive_attributes": [
            [
              {
                "type": "get_attr",
                "value": "networks_advanced"
              }
            ],
            [
              {
                "type": "get_attr",
                "value": "env"
              }
            ],
            [
              {
                "type": "get_attr",
                "value": "healthcheck"
              },
              {
                "type": "index",
                "value": {
                  "value": 0,
                  "type": "number"
                }
              },
              {
                "type": "get_attr",
                "value": "test"
              },
              {
                "type": "index",
                "value": {
                  "value": 1,
                  "type": "number"
                }
              }
            ]
          ],
          "private": "eyJzY2hlbWFfdmVyc2lvbiI6IjIifQ==",
          "dependencies": [
            "data.vault_kv_secret_v2.terraform_secrets",
            "docker_network.auth_network"
          ]
        }
      ]
    },
    {
      "module": "module.backup",
      "mode": "managed",
      "type": "docker_container",
      "name": "backup_service",
      "provider": "provider[\"registry.terraform.io/kreuzwerker/docker\"]",
      "instances": [
        {
          "schema_version": 2,
          "attributes": {
            "attach": false,
            "bridge": "",
            "capabilities": [],
            "cgroupns_mode": null,
            "command": [
              "/bin/sh",
              "-c",
              "      # Install required tools\n      apk update \u0026\u0026 \\\n      apk add --no-cache \\\n        restic \\\n        postgresql-client \\\n        curl \\\n        jq \\\n        redis \\\n        mc \\\n        dcron\n      \n      # Create backup directory\n      mkdir -p /backup/temp\n      \n      # Setup backup script\n      cat \u003e /backup/backup.sh \u003c\u003c 'EOF'\n      #!/bin/sh\n      \n      # Set timestamp\n      TIMESTAMP=$(date +%Y%m%d_%H%M%S)\n      \n      echo \"Starting backup process - ${TIMESTAMP}\"\n      \n      # Create temp directory for this backup\n      BACKUP_DIR=\"/backup/temp/${TIMESTAMP}\"\n      mkdir -p ${BACKUP_DIR}\n      \n      # Backup PostgreSQL\n      echo \"Backing up PostgreSQL...\"\n      PGPASSWORD=${POSTGRES_PASSWORD} pg_dump -h postgres -U ${POSTGRES_USER} -d keycloak \u003e ${BACKUP_DIR}/postgres_keycloak.sql\n      \n      # Backup CouchDB\n      echo \"Backing up CouchDB...\"\n      curl -u ${COUCHDB_USER}:${COUCHDB_PASSWORD} -X GET http://couchdb:5984/_all_dbs | jq -r '.[]' | \\\n        while read -r db; do\n          curl -u ${COUCHDB_USER}:${COUCHDB_PASSWORD} -X GET \"http://couchdb:5984/${db}/_all_docs?include_docs=true\" \\\n            \u003e ${BACKUP_DIR}/couchdb_${db}.json\n        done\n      \n      # Backup Redis\n      echo \"Backing up Redis...\"\n      redis-cli -h redis -a ${REDIS_PASSWORD} --rdb ${BACKUP_DIR}/redis_dump.rdb\n      \n      # Create restic backup\n      echo \"Creating restic backup...\"\n      restic -r s3:s3.amazonaws.com/${S3_BACKUP_BUCKET}/restic backup ${BACKUP_DIR}\n      \n      # Cleanup old backups\n      echo \"Cleaning up old backups...\"\n      restic -r s3:s3.amazonaws.com/${S3_BACKUP_BUCKET}/restic forget \\\n        --keep-last 7 \\\n        --keep-daily 7 \\\n        --keep-weekly 4 \\\n        --keep-monthly 6 \\\n        --prune\n      \n      # Cleanup temp directory\n      rm -rf ${BACKUP_DIR}\n      \n      echo \"Backup completed successfully\"\nEOF\n      \n      # Make backup script executable\n      chmod +x /backup/backup.sh\n      \n      # Create cron directory if it doesn't exist\n      mkdir -p /var/spool/cron/crontabs\n      \n      # Setup cron job\n      echo \"0 2 * * * /backup/backup.sh \u003e\u003e /backup/backup.log 2\u003e\u00261\" \u003e /var/spool/cron/crontabs/root\n      \n      # Set proper permissions\n      chmod 0644 /var/spool/cron/crontabs/root\n      \n      # Run initial backup\n      echo \"Running initial backup...\"\n      /backup/backup.sh\n      \n      # Start cron daemon in foreground\n      exec crond -f\n"
            ],
            "container_logs": null,
            "container_read_refresh_timeout_milliseconds": 15000,
            "cpu_set": "",
            "cpu_shares": 0,
            "destroy_grace_seconds": null,
            "devices": [],
            "dns": null,
            "dns_opts": null,
            "dns_search": null,
            "domainname": "",
            "entrypoint": [],
            "env": [
              "AWS_ACCESS_KEY_ID=HcpMGiDuerdmO3q/7wmm3OdwrtCch0NCNJabbTW5/+E=",
              "AWS_SECRET_ACCESS_KEY=OD29oTU1eSH2Z2ipODzYoTXgcmYodD9UEwmJLplbMq535",
              "COUCHDB_PASSWORD=Huifhasu2789*\u0026^*@afsfjkA",
              "COUCHDB_USER=admin",
              "MINIO_ROOT_PASSWORD=JKjkl\u003cF8\u003e7435fHGF*@)!$#KKD",
              "MINIO_ROOT_USER=admin",
              "POSTGRES_PASSWORD=dahkjh4243JGJDWG\u003cF7\u003e\u003cF2\u003e\u003cF9\u003e~#4JKFSl;",
              "POSTGRES_USER=keycloak",
              "REDIS_PASSWORD=oiu87U\u003cS-F7\u003e3\u0026\u002652)(*fdas",
              "RESTIC_PASSWORD=/SqBkTf0yeSmQUQnm9QgcrvYyLnis7nMYbwEVRuting=",
              "S3_BACKUP_BUCKET=GJKWEMncpFVMENyNpskbIHlmu2boxuQlUht3RerxDDU="
            ],
            "exit_code": null,
            "gpus": null,
            "group_add": null,
            "healthcheck": null,
            "host": [],
            "hostname": "2fad7aa4e022",
            "id": "2fad7aa4e022be18de3b8c0e13b624b73c468e27d22eaa982710fcd8d55da3fb",
            "image": "sha256:4048db5d36726e313ab8f7ffccf2362a34cba69e4cdd49119713483a68641fce",
            "init": false,
            "ipc_mode": "private",
            "labels": [
              {
                "label": "traefik.enable",
                "value": "true"
              },
              {
                "label": "traefik.http.routers.backup.entrypoints",
                "value": "https"
              },
              {
                "label": "traefik.http.routers.backup.rule",
                "value": "Host(`backup.example.com`)"
              },
              {
                "label": "traefik.http.routers.backup.tls",
                "value": "true"
              }
            ],
            "log_driver": "json-file",
            "log_opts": null,
            "logs": false,
            "max_retry_count": 0,
            "memory": 0,
            "memory_swap": 0,
            "mounts": [],
            "must_run": true,
            "name": "backup-service",
            "network_data": [
              {
                "gateway": "",
                "global_ipv6_address": "",
                "global_ipv6_prefix_length": 0,
                "ip_address": "10.0.6.208",
                "ip_prefix_length": 24,
                "ipv6_gateway": "",
                "mac_address": "02:42:0a:00:06:d0",
                "network_name": "monitoring_network"
              },
              {
                "gateway": "",
                "global_ipv6_address": "",
                "global_ipv6_prefix_length": 0,
                "ip_address": "10.0.5.219",
                "ip_prefix_length": 24,
                "ipv6_gateway": "",
                "mac_address": "02:42:0a:00:05:db",
                "network_name": "traefik_network"
              }
            ],
            "network_mode": "bridge",
            "networks_advanced": [
              {
                "aliases": [],
                "ipv4_address": "",
                "ipv6_address": "",
                "name": "monitoring_network"
              },
              {
                "aliases": [],
                "ipv4_address": "",
                "ipv6_address": "",
                "name": "traefik_network"
              }
            ],
            "pid_mode": "",
            "ports": [],
            "privileged": false,
            "publish_all_ports": false,
            "read_only": false,
            "remove_volumes": true,
            "restart": "unless-stopped",
            "rm": false,
            "runtime": "runc",
            "security_opts": [],
            "shm_size": 64,
            "start": true,
            "stdin_open": false,
            "stop_signal": "",
            "stop_timeout": 0,
            "storage_opts": null,
            "sysctls": null,
            "tmpfs": null,
            "tty": false,
            "ulimit": [],
            "upload": [],
            "user": "",
            "userns_mode": "",
            "volumes": [
              {
                "container_path": "/backup",
                "from_container": "",
                "host_path": "/home/rob/repos/infrastructure/terraform/backup/backup-data",
                "read_only": null,
                "volume_name": ""
              }
            ],
            "wait": false,
            "wait_timeout": 60,
            "working_dir": "/"
          },
          "sensitive_attributes": [
            [
              {
                "type": "get_attr",
                "value": "env"
              }
            ],
            [
              {
                "type": "get_attr",
                "value": "networks_advanced"
              }
            ]
          ],
          "private": "eyJzY2hlbWFfdmVyc2lvbiI6IjIifQ==",
          "dependencies": [
            "data.vault_kv_secret_v2.terraform_secrets",
            "docker_network.auth_network",
            "docker_network.monitoring_network",
            "docker_network.traefik_network",
            "module.auth.docker_container.keycloak",
            "module.auth.docker_container.postgres",
            "module.couchdb.docker_container.couchdb",
            "module.minio.docker_container.minio",
            "module.redis.docker_container.redis",
            "module.redis.docker_container.redis_exporter"
          ]
        }
      ]
    },
    {
      "module": "module.couchdb",
      "mode": "managed",
      "type": "docker_container",
      "name": "couchdb",
      "provider": "provider[\"registry.terraform.io/kreuzwerker/docker\"]",
      "instances": [
        {
          "schema_version": 2,
          "attributes": {
            "attach": false,
            "bridge": "",
            "capabilities": [],
            "cgroupns_mode": null,
            "command": [
              "/opt/couchdb/bin/couchdb"
            ],
            "container_logs": null,
            "container_read_refresh_timeout_milliseconds": 15000,
            "cpu_set": "",
            "cpu_shares": 0,
            "destroy_grace_seconds": null,
            "devices": [],
            "dns": null,
            "dns_opts": null,
            "dns_search": null,
            "domainname": "",
            "entrypoint": [
              "tini",
              "--",
              "/docker-entrypoint.sh"
            ],
            "env": [
              "COUCHDB_PASSWORD=Huifhasu2789*\u0026^*@afsfjkA",
              "COUCHDB_SINGLE_NODE=true",
              "COUCHDB_USER=admin"
            ],
            "exit_code": null,
            "gpus": null,
            "group_add": null,
            "healthcheck": [
              {
                "interval": "10s",
                "retries": 3,
                "start_period": "10s",
                "test": [
                  "CMD-SHELL",
                  "curl -f http://localhost:5984/_up || exit 1"
                ],
                "timeout": "5s"
              }
            ],
            "host": [],
            "hostname": "a667af9a51f4",
            "id": "a667af9a51f46604722d1f81ed0504a8322688cec0fd09b6b44ebc5dd61ddcaa",
            "image": "sha256:4c2b4e5a5e0caec726f393251bb061f0e86c7e169c047c8a033a9db24cacf1ea",
            "init": false,
            "ipc_mode": "private",
            "labels": [
              {
                "label": "traefik.enable",
                "value": "true"
              },
              {
                "label": "traefik.http.routers.couchdb.entrypoints",
                "value": "https"
              },
              {
                "label": "traefik.http.routers.couchdb.rule",
                "value": "Host(`db.example.com`)"
              },
              {
                "label": "traefik.http.routers.couchdb.tls",
                "value": "true"
              },
              {
                "label": "traefik.http.services.couchdb.loadbalancer.server.port",
                "value": "5984"
              }
            ],
            "log_driver": "json-file",
            "log_opts": null,
            "logs": false,
            "max_retry_count": 0,
            "memory": 0,
            "memory_swap": 0,
            "mounts": [],
            "must_run": true,
            "name": "couchdb",
            "network_data": [
              {
                "gateway": "",
                "global_ipv6_address": "",
                "global_ipv6_prefix_length": 0,
                "ip_address": "10.0.6.193",
                "ip_prefix_length": 24,
                "ipv6_gateway": "",
                "mac_address": "02:42:0a:00:06:c1",
                "network_name": "monitoring_network"
              },
              {
                "gateway": "",
                "global_ipv6_address": "",
                "global_ipv6_prefix_length": 0,
                "ip_address": "10.0.5.204",
                "ip_prefix_length": 24,
                "ipv6_gateway": "",
                "mac_address": "02:42:0a:00:05:cc",
                "network_name": "traefik_network"
              }
            ],
            "network_mode": "bridge",
            "networks_advanced": [
              {
                "aliases": [],
                "ipv4_address": "",
                "ipv6_address": "",
                "name": "monitoring_network"
              },
              {
                "aliases": [],
                "ipv4_address": "",
                "ipv6_address": "",
                "name": "traefik_network"
              }
            ],
            "pid_mode": "",
            "ports": [],
            "privileged": false,
            "publish_all_ports": false,
            "read_only": false,
            "remove_volumes": true,
            "restart": "no",
            "rm": false,
            "runtime": "runc",
            "security_opts": [],
            "shm_size": 64,
            "start": true,
            "stdin_open": false,
            "stop_signal": "",
            "stop_timeout": 0,
            "storage_opts": null,
            "sysctls": null,
            "tmpfs": null,
            "tty": false,
            "ulimit": [],
            "upload": [
              {
                "content": "[couchdb]\nsingle_node = true\nmax_document_size = 4294967296\n\n[chttpd]\nbind_address = 0.0.0.0\nport = 5984\n\n[httpd]\nenable_cors = true\n\n[cors]\ncredentials = true\norigins = *\nheaders = accept, authorization, content-type, origin, referer\nmethods = GET, PUT, POST, DELETE\n\n[admins]\nadmin = Huifhasu2789*\u0026^*@afsfjkA\n",
                "content_base64": "",
                "executable": false,
                "file": "/opt/couchdb/etc/local.d/docker.ini",
                "source": "",
                "source_hash": ""
              }
            ],
            "user": "",
            "userns_mode": "",
            "volumes": [
              {
                "container_path": "/opt/couchdb/data",
                "from_container": "",
                "host_path": "/home/rob/repos/infrastructure/terraform/couchdb/data",
                "read_only": null,
                "volume_name": ""
              }
            ],
            "wait": false,
            "wait_timeout": 60,
            "working_dir": ""
          },
          "sensitive_attributes": [
            [
              {
                "type": "get_attr",
                "value": "upload"
              }
            ],
            [
              {
                "type": "get_attr",
                "value": "networks_advanced"
              }
            ],
            [
              {
                "type": "get_attr",
                "value": "env"
              }
            ]
          ],
          "private": "eyJzY2hlbWFfdmVyc2lvbiI6IjIifQ==",
          "dependencies": [
            "data.vault_kv_secret_v2.terraform_secrets",
            "docker_network.monitoring_network",
            "docker_network.traefik_network"
          ]
        }
      ]
    },
    {
      "module": "module.flask",
      "mode": "managed",
      "type": "docker_container",
      "name": "flask",
      "provider": "provider[\"registry.terraform.io/kreuzwerker/docker\"]",
      "instances": [
        {
          "schema_version": 2,
          "attributes": {
            "attach": false,
            "bridge": "",
            "capabilities": [],
            "cgroupns_mode": null,
            "command": [
              "sh",
              "-c",
              "apt-get update \u0026\u0026 apt-get install -y curl \u0026\u0026 pip install flask redis prometheus_client gunicorn \u0026\u0026 gunicorn --bind 0.0.0.0:5000 app:app"
            ],
            "container_logs": null,
            "container_read_refresh_timeout_milliseconds": 15000,
            "cpu_set": "",
            "cpu_shares": 0,
            "destroy_grace_seconds": null,
            "devices": [],
            "dns": null,
            "dns_opts": null,
            "dns_search": null,
            "domainname": "",
            "entrypoint": [],
            "env": [
              "FLASK_ENV=production",
              "REDIS_HOST=redis",
              "REDIS_PASSWORD=oiu87U\u003cS-F7\u003e3\u0026\u002652)(*fdas",
              "REDIS_PORT=6379",
              "WORKERS=4"
            ],
            "exit_code": null,
            "gpus": null,
            "group_add": null,
            "healthcheck": [
              {
                "interval": "30s",
                "retries": 3,
                "start_period": "1m0s",
                "test": [
                  "CMD",
                  "curl",
                  "-f",
                  "http://localhost:5000/health"
                ],
                "timeout": "10s"
              }
            ],
            "host": [],
            "hostname": "aaa8727434a6",
            "id": "aaa8727434a6ffc38e9a9f07f4d2285ae4b1f88ba0f02083853c4432ae77ffa0",
            "image": "sha256:473b3636d11e17647bf9e36816053317dd5a6667e8c2d0b8e1110c1a89249133",
            "init": false,
            "ipc_mode": "private",
            "labels": [
              {
                "label": "traefik.enable",
                "value": "true"
              },
              {
                "label": "traefik.http.routers.flask.entrypoints",
                "value": "https"
              },
              {
                "label": "traefik.http.routers.flask.rule",
                "value": "Host(`app.example.com`)"
              },
              {
                "label": "traefik.http.routers.flask.tls",
                "value": "true"
              },
              {
                "label": "traefik.http.services.flask.loadbalancer.server.port",
                "value": "5000"
              }
            ],
            "log_driver": "json-file",
            "log_opts": null,
            "logs": false,
            "max_retry_count": 0,
            "memory": 0,
            "memory_swap": 0,
            "mounts": [],
            "must_run": true,
            "name": "flask",
            "network_data": [
              {
                "gateway": "",
                "global_ipv6_address": "",
                "global_ipv6_prefix_length": 0,
                "ip_address": "10.0.6.192",
                "ip_prefix_length": 24,
                "ipv6_gateway": "",
                "mac_address": "02:42:0a:00:06:c0",
                "network_name": "monitoring_network"
              },
              {
                "gateway": "",
                "global_ipv6_address": "",
                "global_ipv6_prefix_length": 0,
                "ip_address": "10.0.5.203",
                "ip_prefix_length": 24,
                "ipv6_gateway": "",
                "mac_address": "02:42:0a:00:05:cb",
                "network_name": "traefik_network"
              }
            ],
            "network_mode": "bridge",
            "networks_advanced": [
              {
                "aliases": [],
                "ipv4_address": "",
                "ipv6_address": "",
                "name": "monitoring_network"
              },
              {
                "aliases": [],
                "ipv4_address": "",
                "ipv6_address": "",
                "name": "traefik_network"
              }
            ],
            "pid_mode": "",
            "ports": [],
            "privileged": false,
            "publish_all_ports": false,
            "read_only": false,
            "remove_volumes": true,
            "restart": "no",
            "rm": false,
            "runtime": "runc",
            "security_opts": [],
            "shm_size": 64,
            "start": true,
            "stdin_open": false,
            "stop_signal": "",
            "stop_timeout": 0,
            "storage_opts": null,
            "sysctls": null,
            "tmpfs": null,
            "tty": false,
            "ulimit": [],
            "upload": [],
            "user": "",
            "userns_mode": "",
            "volumes": [
              {
                "container_path": "/app",
                "from_container": "",
                "host_path": "/home/rob/repos/infrastructure/terraform/flask/app",
                "read_only": null,
                "volume_name": ""
              }
            ],
            "wait": false,
            "wait_timeout": 60,
            "working_dir": "/app"
          },
          "sensitive_attributes": [
            [
              {
                "type": "get_attr",
                "value": "networks_advanced"
              }
            ],
            [
              {
                "type": "get_attr",
                "value": "env"
              }
            ]
          ],
          "private": "eyJzY2hlbWFfdmVyc2lvbiI6IjIifQ==",
          "dependencies": [
            "data.vault_kv_secret_v2.terraform_secrets",
            "docker_network.monitoring_network",
            "docker_network.traefik_network"
          ]
        }
      ]
    },
    {
      "module": "module.logging",
      "mode": "managed",
      "type": "docker_container",
      "name": "loki",
      "provider": "provider[\"registry.terraform.io/kreuzwerker/docker\"]",
      "instances": [
        {
          "schema_version": 2,
          "attributes": {
            "attach": false,
            "bridge": "",
            "capabilities": [],
            "cgroupns_mode": null,
            "command": [
              "--config.file=/etc/loki/config.yaml"
            ],
            "container_logs": null,
            "container_read_refresh_timeout_milliseconds": 15000,
            "cpu_set": "",
            "cpu_shares": 0,
            "destroy_grace_seconds": null,
            "devices": [],
            "dns": null,
            "dns_opts": null,
            "dns_search": null,
            "domainname": "",
            "entrypoint": [
              "/usr/bin/loki"
            ],
            "env": [],
            "exit_code": null,
            "gpus": null,
            "group_add": null,
            "healthcheck": [
              {
                "interval": "30s",
                "retries": 3,
                "start_period": "30s",
                "test": [
                  "CMD-SHELL",
                  "wget --no-verbose --tries=1 --spider http://localhost:3100/ready || exit 1"
                ],
                "timeout": "5s"
              }
            ],
            "host": [],
            "hostname": "d468d3ccc136",
            "id": "d468d3ccc13641d8c0a9842483a9beb0795d0069db2e378e7be52ed16140babc",
            "image": "sha256:41dda0164596f0e05baeb40191c8c0b4ce4adb2d28e561f54c11dddcdc984006",
            "init": false,
            "ipc_mode": "private",
            "labels": [
              {
                "label": "traefik.enable",
                "value": "true"
              },
              {
                "label": "traefik.http.routers.loki.entrypoints",
                "value": "https"
              },
              {
                "label": "traefik.http.routers.loki.rule",
                "value": "Host(`loki.example.com`)"
              },
              {
                "label": "traefik.http.routers.loki.tls",
                "value": "true"
              },
              {
                "label": "traefik.http.services.loki.loadbalancer.server.port",
                "value": "3100"
              }
            ],
            "log_driver": "json-file",
            "log_opts": null,
            "logs": false,
            "max_retry_count": 0,
            "memory": 0,
            "memory_swap": 0,
            "mounts": [],
            "must_run": true,
            "name": "loki",
            "network_data": [
              {
                "gateway": "",
                "global_ipv6_address": "",
                "global_ipv6_prefix_length": 0,
                "ip_address": "",
                "ip_prefix_length": 0,
                "ipv6_gateway": "",
                "mac_address": "",
                "network_name": "traefik_network"
              },
              {
                "gateway": "",
                "global_ipv6_address": "",
                "global_ipv6_prefix_length": 0,
                "ip_address": "",
                "ip_prefix_length": 0,
                "ipv6_gateway": "",
                "mac_address": "",
                "network_name": "logging_network"
              },
              {
                "gateway": "",
                "global_ipv6_address": "",
                "global_ipv6_prefix_length": 0,
                "ip_address": "",
                "ip_prefix_length": 0,
                "ipv6_gateway": "",
                "mac_address": "",
                "network_name": "monitoring_network"
              }
            ],
            "network_mode": "bridge",
            "networks_advanced": [
              {
                "aliases": [],
                "ipv4_address": "",
                "ipv6_address": "",
                "name": "logging_network"
              },
              {
                "aliases": [],
                "ipv4_address": "",
                "ipv6_address": "",
                "name": "monitoring_network"
              },
              {
                "aliases": [],
                "ipv4_address": "",
                "ipv6_address": "",
                "name": "traefik_network"
              }
            ],
            "pid_mode": "",
            "ports": [],
            "privileged": false,
            "publish_all_ports": false,
            "read_only": false,
            "remove_volumes": true,
            "restart": "unless-stopped",
            "rm": false,
            "runtime": "runc",
            "security_opts": [],
            "shm_size": 64,
            "start": true,
            "stdin_open": false,
            "stop_signal": "",
            "stop_timeout": 0,
            "storage_opts": null,
            "sysctls": null,
            "tmpfs": null,
            "tty": false,
            "ulimit": [],
            "upload": [],
            "user": "10001",
            "userns_mode": "",
            "volumes": [
              {
                "container_path": "/etc/loki/config.yaml",
                "from_container": "",
                "host_path": "/home/rob/repos/infrastructure/terraform/logging/config/loki-config.yaml",
                "read_only": true,
                "volume_name": ""
              },
              {
                "container_path": "/loki",
                "from_container": "",
                "host_path": "/home/rob/repos/infrastructure/terraform/logging/loki-data",
                "read_only": null,
                "volume_name": ""
              }
            ],
            "wait": false,
            "wait_timeout": 60,
            "working_dir": ""
          },
          "sensitive_attributes": [
            [
              {
                "type": "get_attr",
                "value": "networks_advanced"
              }
            ]
          ],
          "private": "eyJzY2hlbWFfdmVyc2lvbiI6IjIifQ==",
          "dependencies": [
            "data.vault_kv_secret_v2.terraform_secrets",
            "docker_network.logging_network",
            "docker_network.monitoring_network",
            "docker_network.traefik_network",
            "module.logging.local_file.loki_config",
            "module.monitoring.docker_container.cadvisor",
            "module.monitoring.docker_container.node_exporter",
            "module.monitoring.docker_container.prometheus",
            "module.monitoring.docker_service.grafana"
          ]
        }
      ]
    },
    {
      "module": "module.logging",
      "mode": "managed",
      "type": "docker_container",
      "name": "promtail_service",
      "provider": "provider[\"registry.terraform.io/kreuzwerker/docker\"]",
      "instances": [
        {
          "schema_version": 2,
          "attributes": {
            "attach": false,
            "bridge": "",
            "capabilities": [],
            "cgroupns_mode": null,
            "command": [
              "-config.file=/etc/promtail/config.yaml"
            ],
            "container_logs": null,
            "container_read_refresh_timeout_milliseconds": 15000,
            "cpu_set": "",
            "cpu_shares": 0,
            "destroy_grace_seconds": null,
            "devices": [],
            "dns": null,
            "dns_opts": null,
            "dns_search": null,
            "domainname": "",
            "entrypoint": [
              "/usr/bin/promtail"
            ],
            "env": [],
            "exit_code": null,
            "gpus": null,
            "group_add": null,
            "healthcheck": [
              {
                "interval": "30s",
                "retries": 3,
                "start_period": "30s",
                "test": [
                  "CMD-SHELL",
                  "wget --no-verbose --tries=1 --spider http://localhost:9080/ready || exit 1"
                ],
                "timeout": "5s"
              }
            ],
            "host": [],
            "hostname": "1f42fb5aa521",
            "id": "1f42fb5aa5218f858cc5e06580ff9c5c802579589fce0054197174b143fae730",
            "image": "sha256:ccec31382845a64cf1dc8608af9154f76b269652602a314896a5ec32dacb74e5",
            "init": false,
            "ipc_mode": "private",
            "labels": [],
            "log_driver": "json-file",
            "log_opts": null,
            "logs": false,
            "max_retry_count": 0,
            "memory": 0,
            "memory_swap": 0,
            "mounts": [],
            "must_run": true,
            "name": "promtail",
            "network_data": [
              {
                "gateway": "",
                "global_ipv6_address": "",
                "global_ipv6_prefix_length": 0,
                "ip_address": "10.0.2.14",
                "ip_prefix_length": 24,
                "ipv6_gateway": "",
                "mac_address": "02:42:0a:00:02:0e",
                "network_name": "logging_network"
              },
              {
                "gateway": "",
                "global_ipv6_address": "",
                "global_ipv6_prefix_length": 0,
                "ip_address": "10.0.6.207",
                "ip_prefix_length": 24,
                "ipv6_gateway": "",
                "mac_address": "02:42:0a:00:06:cf",
                "network_name": "monitoring_network"
              },
              {
                "gateway": "",
                "global_ipv6_address": "",
                "global_ipv6_prefix_length": 0,
                "ip_address": "10.0.5.217",
                "ip_prefix_length": 24,
                "ipv6_gateway": "",
                "mac_address": "02:42:0a:00:05:d9",
                "network_name": "traefik_network"
              }
            ],
            "network_mode": "bridge",
            "networks_advanced": [
              {
                "aliases": [],
                "ipv4_address": "",
                "ipv6_address": "",
                "name": "logging_network"
              },
              {
                "aliases": [],
                "ipv4_address": "",
                "ipv6_address": "",
                "name": "monitoring_network"
              },
              {
                "aliases": [],
                "ipv4_address": "",
                "ipv6_address": "",
                "name": "traefik_network"
              }
            ],
            "pid_mode": "",
            "ports": [],
            "privileged": false,
            "publish_all_ports": false,
            "read_only": false,
            "remove_volumes": true,
            "restart": "unless-stopped",
            "rm": false,
            "runtime": "runc",
            "security_opts": [],
            "shm_size": 64,
            "start": true,
            "stdin_open": false,
            "stop_signal": "",
            "stop_timeout": 0,
            "storage_opts": null,
            "sysctls": null,
            "tmpfs": null,
            "tty": false,
            "ulimit": [],
            "upload": [],
            "user": "root",
            "userns_mode": "",
            "volumes": [
              {
                "container_path": "/etc/promtail/config.yaml",
                "from_container": "",
                "host_path": "/home/rob/repos/infrastructure/terraform/logging/config/promtail-config.yaml",
                "read_only": true,
                "volume_name": ""
              },
              {
                "container_path": "/var/lib/docker/containers",
                "from_container": "",
                "host_path": "/var/lib/docker/containers",
                "read_only": true,
                "volume_name": ""
              },
              {
                "container_path": "/var/run/docker.sock",
                "from_container": "",
                "host_path": "/var/run/docker.sock",
                "read_only": true,
                "volume_name": ""
              }
            ],
            "wait": false,
            "wait_timeout": 60,
            "working_dir": ""
          },
          "sensitive_attributes": [
            [
              {
                "type": "get_attr",
                "value": "networks_advanced"
              }
            ]
          ],
          "private": "eyJzY2hlbWFfdmVyc2lvbiI6IjIifQ==",
          "dependencies": [
            "data.vault_kv_secret_v2.terraform_secrets",
            "docker_network.logging_network",
            "docker_network.monitoring_network",
            "docker_network.traefik_network",
            "module.logging.docker_container.loki",
            "module.logging.local_file.loki_config",
            "module.logging.local_file.promtail_configuration",
            "module.monitoring.docker_container.cadvisor",
            "module.monitoring.docker_container.node_exporter",
            "module.monitoring.docker_container.prometheus",
            "module.monitoring.docker_service.grafana"
          ]
        }
      ]
    },
    {
      "module": "module.logging",
      "mode": "managed",
      "type": "local_file",
      "name": "loki_config",
      "provider": "provider[\"registry.terraform.io/hashicorp/local\"]",
      "instances": [
        {
          "schema_version": 0,
          "attributes": {
            "content": "auth_enabled: false\n\nserver:\n  http_listen_port: 3100\n\ncommon:\n  path_prefix: /loki\n  storage:\n    filesystem:\n      chunks_directory: /loki/chunks\n      rules_directory: /loki/rules\n  replication_factor: 1\n  ring:\n    kvstore:\n      store: inmemory\n\nschema_config:\n  configs:\n    - from: 2020-01-01\n      store: boltdb-shipper\n      object_store: filesystem\n      schema: v11\n      index:\n        prefix: index_\n        period: 24h\n\nlimits_config:\n  retention_period: 168h\n\ncompactor:\n  working_directory: /loki/compactor\n  shared_store: filesystem\n  compaction_interval: 10m\n",
            "content_base64": null,
            "content_base64sha256": "dWFoekSmBeGg7uDQPsKGeS3sM2A48aw1lXtrwDa2scU=",
            "content_base64sha512": "K92biKjDTsh4ykBCB2/zRqn2iAGp7YIaEEh1fTbCO0h4DVxhQ2btEpz6mw8hz3X5vRErGqFgt4A7xSVIy8rgow==",
            "content_md5": "28cc3669b94d641e4d090a4b570fb3d2",
            "content_sha1": "059ff819f3bb01cd1a4569cb6e188bc8a9f5db46",
            "content_sha256": "7561687a44a605e1a0eee0d03ec286792dec336038f1ac35957b6bc036b6b1c5",
            "content_sha512": "2bdd9b88a8c34ec878ca4042076ff346a9f68801a9ed821a1048757d36c23b48780d5c614366ed129cfa9b0f21cf75f9bd112b1aa160b7803bc52548cbcae0a3",
            "directory_permission": "0777",
            "file_permission": "0777",
            "filename": "/home/rob/repos/infrastructure/terraform/logging/config/loki-config.yaml",
            "id": "059ff819f3bb01cd1a4569cb6e188bc8a9f5db46",
            "sensitive_content": null,
            "source": null
          },
          "sensitive_attributes": [
            [
              {
                "type": "get_attr",
                "value": "sensitive_content"
              }
            ]
          ],
          "dependencies": [
            "data.vault_kv_secret_v2.terraform_secrets",
            "docker_network.monitoring_network",
            "docker_network.traefik_network",
            "module.monitoring.docker_container.cadvisor",
            "module.monitoring.docker_container.node_exporter",
            "module.monitoring.docker_container.prometheus",
            "module.monitoring.docker_service.grafana"
          ]
        }
      ]
    },
    {
      "module": "module.logging",
      "mode": "managed",
      "type": "local_file",
      "name": "promtail_configuration",
      "provider": "provider[\"registry.terraform.io/hashicorp/local\"]",
      "instances": [
        {
          "schema_version": 0,
          "attributes": {
            "content": "server:\n  http_listen_port: 9080\n  grpc_listen_port: 0\n\npositions:\n  filename: /tmp/positions.yaml\n\nclients:\n  - url: http://loki:3100/loki/api/v1/push\n\nscrape_configs:\n  - job_name: docker\n    static_configs:\n      - targets:\n          - localhost\n        labels:\n          job: docker\n          __path__: /var/lib/docker/containers/*/*-json.log\n    pipeline_stages:\n      - json:\n          expressions:\n            output: log\n            stream: stream\n            timestamp: time\n      - timestamp:\n          source: timestamp\n          format: RFC3339Nano\n      - labels:\n          stream:\n      - output:\n          source: output\n",
            "content_base64": null,
            "content_base64sha256": "AJJckb2qbJMQLh7POCc20APvkVAB8TsfSt1tbPd6VLs=",
            "content_base64sha512": "wT6Kw8fKWTA9VAOqN594JEliJKIawlSk1ZdMjgJ2VmdHGAmH9trEwgWgapkZtUW1dTYq/yC2c5+2o56Y3kl0Zg==",
            "content_md5": "8c2fe5fc66ef4af2f3c6a1fe47cbadf6",
            "content_sha1": "c3cf8f009b90cc43c8cf46006ef24125f171711d",
            "content_sha256": "00925c91bdaa6c93102e1ecf382736d003ef915001f13b1f4add6d6cf77a54bb",
            "content_sha512": "c13e8ac3c7ca59303d5403aa379f7824496224a21ac254a4d5974c8e0276566747180987f6dac4c205a06a9919b545b575362aff20b6739fb6a39e98de497466",
            "directory_permission": "0777",
            "file_permission": "0777",
            "filename": "/home/rob/repos/infrastructure/terraform/logging/config/promtail-config.yaml",
            "id": "c3cf8f009b90cc43c8cf46006ef24125f171711d",
            "sensitive_content": null,
            "source": null
          },
          "sensitive_attributes": [
            [
              {
                "type": "get_attr",
                "value": "sensitive_content"
              }
            ]
          ],
          "dependencies": [
            "data.vault_kv_secret_v2.terraform_secrets",
            "docker_network.monitoring_network",
            "docker_network.traefik_network",
            "module.monitoring.docker_container.cadvisor",
            "module.monitoring.docker_container.node_exporter",
            "module.monitoring.docker_container.prometheus",
            "module.monitoring.docker_service.grafana"
          ]
        }
      ]
    },
    {
      "module": "module.minio",
      "mode": "managed",
      "type": "docker_container",
      "name": "minio",
      "provider": "provider[\"registry.terraform.io/kreuzwerker/docker\"]",
      "instances": [
        {
          "schema_version": 2,
          "attributes": {
            "attach": false,
            "bridge": "",
            "capabilities": [],
            "cgroupns_mode": null,
            "command": [
              "server",
              "/data",
              "--console-address",
              ":9001"
            ],
            "container_logs": null,
            "container_read_refresh_timeout_milliseconds": 15000,
            "cpu_set": "",
            "cpu_shares": 0,
            "destroy_grace_seconds": null,
            "devices": [],
            "dns": null,
            "dns_opts": null,
            "dns_search": null,
            "domainname": "",
            "entrypoint": [
              "/usr/bin/docker-entrypoint.sh"
            ],
            "env": [
              "MINIO_ROOT_PASSWORD=JKjkl\u003cF8\u003e7435fHGF*@)!$#KKD",
              "MINIO_ROOT_USER=admin"
            ],
            "exit_code": null,
            "gpus": null,
            "group_add": null,
            "healthcheck": [
              {
                "interval": "30s",
                "retries": 3,
                "start_period": "30s",
                "test": [
                  "CMD",
                  "curl",
                  "-f",
                  "http://localhost:9000/minio/health/ready"
                ],
                "timeout": "10s"
              }
            ],
            "host": [],
            "hostname": "408160bdc106",
            "id": "408160bdc106b1848755e27526300091a7658bceeb7be48c3d75cc80e177ee18",
            "image": "sha256:afadd2395ca65dde8ec87e5c8460c97ead4561c21dc5c373bb83b099dfcbd657",
            "init": false,
            "ipc_mode": "private",
            "labels": [
              {
                "label": "traefik.enable",
                "value": "true"
              },
              {
                "label": "traefik.http.routers.minio-api.entrypoints",
                "value": "https"
              },
              {
                "label": "traefik.http.routers.minio-api.rule",
                "value": "Host(`s3.example.com`)"
              },
              {
                "label": "traefik.http.routers.minio-api.tls",
                "value": "true"
              },
              {
                "label": "traefik.http.routers.minio-console.entrypoints",
                "value": "https"
              },
              {
                "label": "traefik.http.routers.minio-console.rule",
                "value": "Host(`minio.example.com`)"
              },
              {
                "label": "traefik.http.routers.minio-console.tls",
                "value": "true"
              },
              {
                "label": "traefik.http.services.minio-api.loadbalancer.server.port",
                "value": "9000"
              },
              {
                "label": "traefik.http.services.minio-console.loadbalancer.server.port",
                "value": "9001"
              }
            ],
            "log_driver": "json-file",
            "log_opts": null,
            "logs": false,
            "max_retry_count": 0,
            "memory": 0,
            "memory_swap": 0,
            "mounts": [],
            "must_run": true,
            "name": "minio",
            "network_data": [
              {
                "gateway": "",
                "global_ipv6_address": "",
                "global_ipv6_prefix_length": 0,
                "ip_address": "10.0.6.191",
                "ip_prefix_length": 24,
                "ipv6_gateway": "",
                "mac_address": "02:42:0a:00:06:bf",
                "network_name": "monitoring_network"
              },
              {
                "gateway": "",
                "global_ipv6_address": "",
                "global_ipv6_prefix_length": 0,
                "ip_address": "10.0.5.201",
                "ip_prefix_length": 24,
                "ipv6_gateway": "",
                "mac_address": "02:42:0a:00:05:c9",
                "network_name": "traefik_network"
              }
            ],
            "network_mode": "bridge",
            "networks_advanced": [
              {
                "aliases": [],
                "ipv4_address": "",
                "ipv6_address": "",
                "name": "monitoring_network"
              },
              {
                "aliases": [],
                "ipv4_address": "",
                "ipv6_address": "",
                "name": "traefik_network"
              }
            ],
            "pid_mode": "",
            "ports": [],
            "privileged": false,
            "publish_all_ports": false,
            "read_only": false,
            "remove_volumes": true,
            "restart": "no",
            "rm": false,
            "runtime": "runc",
            "security_opts": [],
            "shm_size": 64,
            "start": true,
            "stdin_open": false,
            "stop_signal": "",
            "stop_timeout": 0,
            "storage_opts": null,
            "sysctls": null,
            "tmpfs": null,
            "tty": false,
            "ulimit": [],
            "upload": [],
            "user": "",
            "userns_mode": "",
            "volumes": [
              {
                "container_path": "/data",
                "from_container": "",
                "host_path": "/home/rob/repos/infrastructure/terraform/minio/data",
                "read_only": null,
                "volume_name": ""
              }
            ],
            "wait": false,
            "wait_timeout": 60,
            "working_dir": ""
          },
          "sensitive_attributes": [
            [
              {
                "type": "get_attr",
                "value": "env"
              }
            ],
            [
              {
                "type": "get_attr",
                "value": "networks_advanced"
              }
            ]
          ],
          "private": "eyJzY2hlbWFfdmVyc2lvbiI6IjIifQ==",
          "dependencies": [
            "data.vault_kv_secret_v2.terraform_secrets",
            "docker_network.monitoring_network",
            "docker_network.traefik_network"
          ]
        }
      ]
    },
    {
      "module": "module.monitoring",
      "mode": "managed",
      "type": "docker_container",
      "name": "cadvisor",
      "provider": "provider[\"registry.terraform.io/kreuzwerker/docker\"]",
      "instances": [
        {
          "schema_version": 2,
          "attributes": {
            "attach": false,
            "bridge": "",
            "capabilities": [],
            "cgroupns_mode": null,
            "command": [],
            "container_logs": null,
            "container_read_refresh_timeout_milliseconds": 15000,
            "cpu_set": "",
            "cpu_shares": 0,
            "destroy_grace_seconds": null,
            "devices": [],
            "dns": null,
            "dns_opts": null,
            "dns_search": null,
            "domainname": "",
            "entrypoint": [
              "/usr/bin/cadvisor",
              "-logtostderr"
            ],
            "env": [],
            "exit_code": null,
            "gpus": null,
            "group_add": null,
            "healthcheck": [
              {
                "interval": "30s",
                "retries": 0,
                "start_period": "0s",
                "test": [
                  "CMD-SHELL",
                  "wget --quiet --tries=1 --spider $CADVISOR_HEALTHCHECK_URL || exit 1"
                ],
                "timeout": "3s"
              }
            ],
            "host": [],
            "hostname": "8cd15efc5b18",
            "id": "8cd15efc5b18d8ec4c599a873a4b52518793e6a2c773f5e2f91e9a22ece3f22c",
            "image": "sha256:c02cf39d3dba9fcf5531f23358e33377e50fcc6065d97a27e68a4242229c67a0",
            "init": false,
            "ipc_mode": "private",
            "labels": [
              {
                "label": "traefik.enable",
                "value": "true"
              },
              {
                "label": "traefik.http.routers.cadvisor.entrypoints",
                "value": "https"
              },
              {
                "label": "traefik.http.routers.cadvisor.rule",
                "value": "Host(`cadvisor.example.com`)"
              },
              {
                "label": "traefik.http.routers.cadvisor.tls",
                "value": "true"
              }
            ],
            "log_driver": "json-file",
            "log_opts": null,
            "logs": false,
            "max_retry_count": 0,
            "memory": 0,
            "memory_swap": 0,
            "mounts": [],
            "must_run": true,
            "name": "cadvisor",
            "network_data": [
              {
                "gateway": "",
                "global_ipv6_address": "",
                "global_ipv6_prefix_length": 0,
                "ip_address": "10.0.6.190",
                "ip_prefix_length": 24,
                "ipv6_gateway": "",
                "mac_address": "02:42:0a:00:06:be",
                "network_name": "monitoring_network"
              },
              {
                "gateway": "",
                "global_ipv6_address": "",
                "global_ipv6_prefix_length": 0,
                "ip_address": "10.0.5.200",
                "ip_prefix_length": 24,
                "ipv6_gateway": "",
                "mac_address": "02:42:0a:00:05:c8",
                "network_name": "traefik_network"
              }
            ],
            "network_mode": "bridge",
            "networks_advanced": [
              {
                "aliases": [],
                "ipv4_address": "",
                "ipv6_address": "",
                "name": "monitoring_network"
              },
              {
                "aliases": [],
                "ipv4_address": "",
                "ipv6_address": "",
                "name": "traefik_network"
              }
            ],
            "pid_mode": "",
            "ports": [
              {
                "external": 8082,
                "internal": 8080,
                "ip": "0.0.0.0",
                "protocol": "tcp"
              }
            ],
            "privileged": false,
            "publish_all_ports": false,
            "read_only": false,
            "remove_volumes": true,
            "restart": "no",
            "rm": false,
            "runtime": "runc",
            "security_opts": [],
            "shm_size": 64,
            "start": true,
            "stdin_open": false,
            "stop_signal": "",
            "stop_timeout": 0,
            "storage_opts": null,
            "sysctls": null,
            "tmpfs": null,
            "tty": false,
            "ulimit": [],
            "upload": [],
            "user": "",
            "userns_mode": "",
            "volumes": [
              {
                "container_path": "/rootfs",
                "from_container": "",
                "host_path": "/",
                "read_only": true,
                "volume_name": ""
              },
              {
                "container_path": "/sys",
                "from_container": "",
                "host_path": "/sys",
                "read_only": true,
                "volume_name": ""
              },
              {
                "container_path": "/var/lib/docker",
                "from_container": "",
                "host_path": "/var/lib/docker/",
                "read_only": true,
                "volume_name": ""
              },
              {
                "container_path": "/var/run",
                "from_container": "",
                "host_path": "/var/run",
                "read_only": true,
                "volume_name": ""
              }
            ],
            "wait": false,
            "wait_timeout": 60,
            "working_dir": ""
          },
          "sensitive_attributes": [
            [
              {
                "type": "get_attr",
                "value": "networks_advanced"
              }
            ]
          ],
          "private": "eyJzY2hlbWFfdmVyc2lvbiI6IjIifQ==",
          "dependencies": [
            "data.vault_kv_secret_v2.terraform_secrets",
            "docker_network.monitoring_network",
            "docker_network.traefik_network"
          ]
        }
      ]
    },
    {
      "module": "module.monitoring",
      "mode": "managed",
      "type": "docker_container",
      "name": "node_exporter",
      "provider": "provider[\"registry.terraform.io/kreuzwerker/docker\"]",
      "instances": [
        {
          "schema_version": 2,
          "attributes": {
            "attach": false,
            "bridge": "",
            "capabilities": [],
            "cgroupns_mode": null,
            "command": [],
            "container_logs": null,
            "container_read_refresh_timeout_milliseconds": 15000,
            "cpu_set": "",
            "cpu_shares": 0,
            "destroy_grace_seconds": null,
            "devices": [],
            "dns": null,
            "dns_opts": null,
            "dns_search": null,
            "domainname": "",
            "entrypoint": [
              "/bin/node_exporter"
            ],
            "env": [],
            "exit_code": null,
            "gpus": null,
            "group_add": null,
            "healthcheck": null,
            "host": [],
            "hostname": "3e7b47d7021d",
            "id": "3e7b47d7021dc37f7f707ea34e6d77f824ab810cbf57fcfa59f16e0d0e506df9",
            "image": "sha256:71dc9668b154bd072420bf69f59140ceeac04b88cf300bfa24053eb02a04f169",
            "init": false,
            "ipc_mode": "private",
            "labels": [
              {
                "label": "traefik.enable",
                "value": "true"
              },
              {
                "label": "traefik.http.routers.node_exporter.entrypoints",
                "value": "https"
              },
              {
                "label": "traefik.http.routers.node_exporter.rule",
                "value": "Host(`node-exporter.example.com`)"
              },
              {
                "label": "traefik.http.routers.node_exporter.tls",
                "value": "true"
              }
            ],
            "log_driver": "json-file",
            "log_opts": null,
            "logs": false,
            "max_retry_count": 0,
            "memory": 0,
            "memory_swap": 0,
            "mounts": [],
            "must_run": true,
            "name": "node_exporter",
            "network_data": [
              {
                "gateway": "",
                "global_ipv6_address": "",
                "global_ipv6_prefix_length": 0,
                "ip_address": "10.0.6.195",
                "ip_prefix_length": 24,
                "ipv6_gateway": "",
                "mac_address": "02:42:0a:00:06:c3",
                "network_name": "monitoring_network"
              },
              {
                "gateway": "",
                "global_ipv6_address": "",
                "global_ipv6_prefix_length": 0,
                "ip_address": "10.0.5.205",
                "ip_prefix_length": 24,
                "ipv6_gateway": "",
                "mac_address": "02:42:0a:00:05:cd",
                "network_name": "traefik_network"
              }
            ],
            "network_mode": "bridge",
            "networks_advanced": [
              {
                "aliases": [],
                "ipv4_address": "",
                "ipv6_address": "",
                "name": "monitoring_network"
              },
              {
                "aliases": [],
                "ipv4_address": "",
                "ipv6_address": "",
                "name": "traefik_network"
              }
            ],
            "pid_mode": "",
            "ports": [
              {
                "external": 9100,
                "internal": 9100,
                "ip": "0.0.0.0",
                "protocol": "tcp"
              }
            ],
            "privileged": false,
            "publish_all_ports": false,
            "read_only": false,
            "remove_volumes": true,
            "restart": "no",
            "rm": false,
            "runtime": "runc",
            "security_opts": [],
            "shm_size": 64,
            "start": true,
            "stdin_open": false,
            "stop_signal": "",
            "stop_timeout": 0,
            "storage_opts": null,
            "sysctls": null,
            "tmpfs": null,
            "tty": false,
            "ulimit": [],
            "upload": [],
            "user": "nobody",
            "userns_mode": "",
            "volumes": [],
            "wait": false,
            "wait_timeout": 60,
            "working_dir": ""
          },
          "sensitive_attributes": [
            [
              {
                "type": "get_attr",
                "value": "networks_advanced"
              }
            ]
          ],
          "private": "eyJzY2hlbWFfdmVyc2lvbiI6IjIifQ==",
          "dependencies": [
            "data.vault_kv_secret_v2.terraform_secrets",
            "docker_network.monitoring_network",
            "docker_network.traefik_network"
          ]
        }
      ]
    },
    {
      "module": "module.monitoring",
      "mode": "managed",
      "type": "docker_container",
      "name": "prometheus",
      "provider": "provider[\"registry.terraform.io/kreuzwerker/docker\"]",
      "instances": [
        {
          "schema_version": 2,
          "attributes": {
            "attach": false,
            "bridge": "",
            "capabilities": [],
            "cgroupns_mode": null,
            "command": [
              "--config.file=/etc/prometheus/prometheus.yml",
              "--storage.tsdb.path=/prometheus"
            ],
            "container_logs": null,
            "container_read_refresh_timeout_milliseconds": 15000,
            "cpu_set": "",
            "cpu_shares": 0,
            "destroy_grace_seconds": null,
            "devices": [],
            "dns": null,
            "dns_opts": null,
            "dns_search": null,
            "domainname": "",
            "entrypoint": [
              "/bin/prometheus"
            ],
            "env": [],
            "exit_code": null,
            "gpus": null,
            "group_add": null,
            "healthcheck": null,
            "host": [],
            "hostname": "6a0fa8a9b7f7",
            "id": "6a0fa8a9b7f7c272596a48f013bbb1cd7cc3372e339228d980afed9c1a18ac7c",
            "image": "sha256:24c1b63a5674e5d239dae7721212a2bdc80de7504efc2c9f23a30fa799714138",
            "init": false,
            "ipc_mode": "private",
            "labels": [
              {
                "label": "traefik.enable",
                "value": "true"
              },
              {
                "label": "traefik.http.routers.prometheus.entrypoints",
                "value": "https"
              },
              {
                "label": "traefik.http.routers.prometheus.rule",
                "value": "Host(`prometheus.example.com`)"
              },
              {
                "label": "traefik.http.routers.prometheus.tls",
                "value": "true"
              }
            ],
            "log_driver": "json-file",
            "log_opts": null,
            "logs": false,
            "max_retry_count": 0,
            "memory": 0,
            "memory_swap": 0,
            "mounts": [],
            "must_run": true,
            "name": "prometheus",
            "network_data": [
              {
                "gateway": "",
                "global_ipv6_address": "",
                "global_ipv6_prefix_length": 0,
                "ip_address": "10.0.6.196",
                "ip_prefix_length": 24,
                "ipv6_gateway": "",
                "mac_address": "02:42:0a:00:06:c4",
                "network_name": "monitoring_network"
              },
              {
                "gateway": "",
                "global_ipv6_address": "",
                "global_ipv6_prefix_length": 0,
                "ip_address": "10.0.5.207",
                "ip_prefix_length": 24,
                "ipv6_gateway": "",
                "mac_address": "02:42:0a:00:05:cf",
                "network_name": "traefik_network"
              }
            ],
            "network_mode": "bridge",
            "networks_advanced": [
              {
                "aliases": [],
                "ipv4_address": "",
                "ipv6_address": "",
                "name": "monitoring_network"
              },
              {
                "aliases": [],
                "ipv4_address": "",
                "ipv6_address": "",
                "name": "traefik_network"
              }
            ],
            "pid_mode": "",
            "ports": [
              {
                "external": 9090,
                "internal": 9090,
                "ip": "0.0.0.0",
                "protocol": "tcp"
              }
            ],
            "privileged": false,
            "publish_all_ports": false,
            "read_only": false,
            "remove_volumes": true,
            "restart": "no",
            "rm": false,
            "runtime": "runc",
            "security_opts": [],
            "shm_size": 64,
            "start": true,
            "stdin_open": false,
            "stop_signal": "",
            "stop_timeout": 0,
            "storage_opts": null,
            "sysctls": null,
            "tmpfs": null,
            "tty": false,
            "ulimit": [],
            "upload": [],
            "user": "nobody",
            "userns_mode": "",
            "volumes": [
              {
                "container_path": "/etc/prometheus/prometheus.yml",
                "from_container": "",
                "host_path": "/home/rob/repos/infrastructure/terraform/monitoring/config/prometheus.yml",
                "read_only": true,
                "volume_name": ""
              }
            ],
            "wait": false,
            "wait_timeout": 60,
            "working_dir": "/prometheus"
          },
          "sensitive_attributes": [
            [
              {
                "type": "get_attr",
                "value": "networks_advanced"
              }
            ]
          ],
          "private": "eyJzY2hlbWFfdmVyc2lvbiI6IjIifQ==",
          "dependencies": [
            "data.vault_kv_secret_v2.terraform_secrets",
            "docker_network.monitoring_network",
            "docker_network.traefik_network"
          ]
        }
      ]
    },
    {
      "module": "module.monitoring",
      "mode": "managed",
      "type": "docker_service",
      "name": "grafana",
      "provider": "provider[\"registry.terraform.io/kreuzwerker/docker\"]",
      "instances": [
        {
          "schema_version": 2,
          "attributes": {
            "auth": [],
            "converge_config": [],
            "endpoint_spec": [
              {
                "mode": "vip",
                "ports": [
                  {
                    "name": "",
                    "protocol": "tcp",
                    "publish_mode": "ingress",
                    "published_port": 3000,
                    "target_port": 3000
                  }
                ]
              }
            ],
            "id": "qus14bbc804o3uk32bwfdcxci",
            "labels": [],
            "mode": [
              {
                "global": false,
                "replicated": [
                  {
                    "replicas": 1
                  }
                ]
              }
            ],
            "name": "grafana",
            "rollback_config": [],
            "task_spec": [
              {
                "container_spec": [
                  {
                    "args": null,
                    "command": null,
                    "configs": [],
                    "dir": "",
                    "dns_config": [
                      {
                        "nameservers": null,
                        "options": null,
                        "search": null
                      }
                    ],
                    "env": {
                      "GF_SECURITY_ADMIN_PASSWORD": "R8429358maafA#~s9j8348v\u003cF10\u003e1",
                      "GF_SECURITY_ADMIN_USER": "admin"
                    },
                    "groups": null,
                    "healthcheck": [
                      {
                        "interval": "0s",
                        "retries": 0,
                        "start_period": "0s",
                        "test": [],
                        "timeout": "0s"
                      }
                    ],
                    "hostname": "",
                    "hosts": [],
                    "image": "grafana/grafana:latest@sha256:d8ea37798ccc41061a62ab080f2676dda6bf7815558499f901bdb0f533a456fb",
                    "isolation": "default",
                    "labels": [
                      {
                        "label": "traefik.enable",
                        "value": "true"
                      },
                      {
                        "label": "traefik.http.routers.grafana.rule",
                        "value": "Host(`grafana.example.com`)"
                      }
                    ],
                    "mounts": [],
                    "privileges": [],
                    "read_only": false,
                    "secrets": [],
                    "stop_grace_period": "0s",
                    "stop_signal": "",
                    "sysctl": null,
                    "user": ""
                  }
                ],
                "force_update": 0,
                "log_driver": [],
                "networks_advanced": [
                  {
                    "aliases": [],
                    "driver_opts": [],
                    "name": "monitoring_network"
                  },
                  {
                    "aliases": [],
                    "driver_opts": [],
                    "name": "traefik_network"
                  }
                ],
                "placement": [
                  {
                    "constraints": [],
                    "max_replicas": 0,
                    "platforms": [
                      {
                        "architecture": "amd64",
                        "os": "linux"
                      }
                    ],
                    "prefs": []
                  }
                ],
                "resources": [
                  {
                    "limits": [],
                    "reservation": []
                  }
                ],
                "restart_policy": [
                  {
                    "condition": "any",
                    "delay": "",
                    "max_attempts": 0,
                    "window": ""
                  }
                ],
                "runtime": "container"
              }
            ],
            "update_config": []
          },
          "sensitive_attributes": [
            [
              {
                "type": "get_attr",
                "value": "task_spec"
              },
              {
                "type": "index",
                "value": {
                  "value": 0,
                  "type": "number"
                }
              },
              {
                "type": "get_attr",
                "value": "container_spec"
              },
              {
                "type": "index",
                "value": {
                  "value": 0,
                  "type": "number"
                }
              },
              {
                "type": "get_attr",
                "value": "env"
              },
              {
                "type": "index",
                "value": {
                  "value": "GF_SECURITY_ADMIN_PASSWORD",
                  "type": "string"
                }
              }
            ],
            [
              {
                "type": "get_attr",
                "value": "task_spec"
              },
              {
                "type": "index",
                "value": {
                  "value": 0,
                  "type": "number"
                }
              },
              {
                "type": "get_attr",
                "value": "container_spec"
              },
              {
                "type": "index",
                "value": {
                  "value": 0,
                  "type": "number"
                }
              },
              {
                "type": "get_attr",
                "value": "env"
              },
              {
                "type": "index",
                "value": {
                  "value": "GF_SECURITY_ADMIN_USER",
                  "type": "string"
                }
              }
            ],
            [
              {
                "type": "get_attr",
                "value": "task_spec"
              },
              {
                "type": "index",
                "value": {
                  "value": 0,
                  "type": "number"
                }
              },
              {
                "type": "get_attr",
                "value": "networks_advanced"
              }
            ]
          ],
          "private": "eyJzY2hlbWFfdmVyc2lvbiI6IjIifQ==",
          "dependencies": [
            "data.vault_kv_secret_v2.terraform_secrets",
            "docker_network.monitoring_network",
            "docker_network.traefik_network"
          ]
        }
      ]
    },
    {
      "module": "module.redis",
      "mode": "managed",
      "type": "docker_container",
      "name": "redis",
      "provider": "provider[\"registry.terraform.io/kreuzwerker/docker\"]",
      "instances": [
        {
          "schema_version": 2,
          "attributes": {
            "attach": false,
            "bridge": "",
            "capabilities": [],
            "cgroupns_mode": null,
            "command": [
              "redis-server",
              "--requirepass oiu87U\u003cS-F7\u003e3\u0026\u002652)(*fdas",
              "--maxmemory 256mb",
              "--maxmemory-policy allkeys-lru"
            ],
            "container_logs": null,
            "container_read_refresh_timeout_milliseconds": 15000,
            "cpu_set": "",
            "cpu_shares": 0,
            "destroy_grace_seconds": null,
            "devices": [],
            "dns": null,
            "dns_opts": null,
            "dns_search": null,
            "domainname": "",
            "entrypoint": [
              "docker-entrypoint.sh"
            ],
            "env": [],
            "exit_code": null,
            "gpus": null,
            "group_add": null,
            "healthcheck": [
              {
                "interval": "5s",
                "retries": 3,
                "start_period": "5s",
                "test": [
                  "CMD",
                  "redis-cli",
                  "ping"
                ],
                "timeout": "3s"
              }
            ],
            "host": [],
            "hostname": "0e38f1fc924d",
            "id": "0e38f1fc924da36bb1a8af80b67accbc1a6636201207f2939f7dd52b434ca19f",
            "image": "sha256:87b460005bd3a6621dabf2855ec42bf96b1b6d044b6109bd9736128ab178ddec",
            "init": false,
            "ipc_mode": "private",
            "labels": [
              {
                "label": "traefik.enable",
                "value": "true"
              },
              {
                "label": "traefik.http.routers.redis.entrypoints",
                "value": "https"
              },
              {
                "label": "traefik.http.routers.redis.rule",
                "value": "Host(`redis.example.com`)"
              },
              {
                "label": "traefik.http.routers.redis.tls",
                "value": "true"
              },
              {
                "label": "traefik.http.services.redis.loadbalancer.server.port",
                "value": "6379"
              }
            ],
            "log_driver": "json-file",
            "log_opts": null,
            "logs": false,
            "max_retry_count": 0,
            "memory": 0,
            "memory_swap": 0,
            "mounts": [],
            "must_run": true,
            "name": "redis",
            "network_data": [
              {
                "gateway": "",
                "global_ipv6_address": "",
                "global_ipv6_prefix_length": 0,
                "ip_address": "10.0.6.194",
                "ip_prefix_length": 24,
                "ipv6_gateway": "",
                "mac_address": "02:42:0a:00:06:c2",
                "network_name": "monitoring_network"
              },
              {
                "gateway": "",
                "global_ipv6_address": "",
                "global_ipv6_prefix_length": 0,
                "ip_address": "10.0.5.206",
                "ip_prefix_length": 24,
                "ipv6_gateway": "",
                "mac_address": "02:42:0a:00:05:ce",
                "network_name": "traefik_network"
              }
            ],
            "network_mode": "bridge",
            "networks_advanced": [
              {
                "aliases": [],
                "ipv4_address": "",
                "ipv6_address": "",
                "name": "monitoring_network"
              },
              {
                "aliases": [],
                "ipv4_address": "",
                "ipv6_address": "",
                "name": "traefik_network"
              }
            ],
            "pid_mode": "",
            "ports": [],
            "privileged": false,
            "publish_all_ports": false,
            "read_only": false,
            "remove_volumes": true,
            "restart": "no",
            "rm": false,
            "runtime": "runc",
            "security_opts": [],
            "shm_size": 64,
            "start": true,
            "stdin_open": false,
            "stop_signal": "",
            "stop_timeout": 0,
            "storage_opts": null,
            "sysctls": null,
            "tmpfs": null,
            "tty": false,
            "ulimit": [],
            "upload": [],
            "user": "",
            "userns_mode": "",
            "volumes": [
              {
                "container_path": "/data",
                "from_container": "",
                "host_path": "/home/rob/repos/infrastructure/terraform/redis/redis-data",
                "read_only": null,
                "volume_name": ""
              }
            ],
            "wait": false,
            "wait_timeout": 60,
            "working_dir": "/data"
          },
          "sensitive_attributes": [
            [
              {
                "type": "get_attr",
                "value": "command"
              },
              {
                "type": "index",
                "value": {
                  "value": 1,
                  "type": "number"
                }
              }
            ],
            [
              {
                "type": "get_attr",
                "value": "networks_advanced"
              }
            ]
          ],
          "private": "eyJzY2hlbWFfdmVyc2lvbiI6IjIifQ==",
          "dependencies": [
            "data.vault_kv_secret_v2.terraform_secrets",
            "docker_network.monitoring_network",
            "docker_network.traefik_network"
          ]
        }
      ]
    },
    {
      "module": "module.redis",
      "mode": "managed",
      "type": "docker_container",
      "name": "redis_exporter",
      "provider": "provider[\"registry.terraform.io/kreuzwerker/docker\"]",
      "instances": [
        {
          "schema_version": 2,
          "attributes": {
            "attach": false,
            "bridge": "",
            "capabilities": [],
            "cgroupns_mode": null,
            "command": [],
            "container_logs": null,
            "container_read_refresh_timeout_milliseconds": 15000,
            "cpu_set": "",
            "cpu_shares": 0,
            "destroy_grace_seconds": null,
            "devices": [],
            "dns": null,
            "dns_opts": null,
            "dns_search": null,
            "domainname": "",
            "entrypoint": [
              "/redis_exporter"
            ],
            "env": [
              "REDIS_ADDR=redis://redis:6379",
              "REDIS_PASSWORD=oiu87U\u003cS-F7\u003e3\u0026\u002652)(*fdas"
            ],
            "exit_code": null,
            "gpus": null,
            "group_add": null,
            "healthcheck": null,
            "host": [],
            "hostname": "c8f39a98e40d",
            "id": "c8f39a98e40d787bcc109918814b86f25a8698495161e4f106f418862f1bcd50",
            "image": "sha256:007f9ddb94dd22eb06a8aab1cb178fa9fb36f39f828551d2500a2e6131710dc2",
            "init": false,
            "ipc_mode": "private",
            "labels": [
              {
                "label": "traefik.enable",
                "value": "true"
              },
              {
                "label": "traefik.http.routers.redis-exporter.entrypoints",
                "value": "https"
              },
              {
                "label": "traefik.http.routers.redis-exporter.rule",
                "value": "Host(`redis-metrics.example.com`)"
              },
              {
                "label": "traefik.http.routers.redis-exporter.tls",
                "value": "true"
              }
            ],
            "log_driver": "json-file",
            "log_opts": null,
            "logs": false,
            "max_retry_count": 0,
            "memory": 0,
            "memory_swap": 0,
            "mounts": [],
            "must_run": true,
            "name": "redis_exporter",
            "network_data": [
              {
                "gateway": "",
                "global_ipv6_address": "",
                "global_ipv6_prefix_length": 0,
                "ip_address": "10.0.6.197",
                "ip_prefix_length": 24,
                "ipv6_gateway": "",
                "mac_address": "02:42:0a:00:06:c5",
                "network_name": "monitoring_network"
              },
              {
                "gateway": "",
                "global_ipv6_address": "",
                "global_ipv6_prefix_length": 0,
                "ip_address": "10.0.5.208",
                "ip_prefix_length": 24,
                "ipv6_gateway": "",
                "mac_address": "02:42:0a:00:05:d0",
                "network_name": "traefik_network"
              }
            ],
            "network_mode": "bridge",
            "networks_advanced": [
              {
                "aliases": [],
                "ipv4_address": "",
                "ipv6_address": "",
                "name": "monitoring_network"
              },
              {
                "aliases": [],
                "ipv4_address": "",
                "ipv6_address": "",
                "name": "traefik_network"
              }
            ],
            "pid_mode": "",
            "ports": [
              {
                "external": 9121,
                "internal": 9121,
                "ip": "0.0.0.0",
                "protocol": "tcp"
              }
            ],
            "privileged": false,
            "publish_all_ports": false,
            "read_only": false,
            "remove_volumes": true,
            "restart": "no",
            "rm": false,
            "runtime": "runc",
            "security_opts": [],
            "shm_size": 64,
            "start": true,
            "stdin_open": false,
            "stop_signal": "",
            "stop_timeout": 0,
            "storage_opts": null,
            "sysctls": null,
            "tmpfs": null,
            "tty": false,
            "ulimit": [],
            "upload": [],
            "user": "59000:59000",
            "userns_mode": "",
            "volumes": [],
            "wait": false,
            "wait_timeout": 60,
            "working_dir": "/"
          },
          "sensitive_attributes": [
            [
              {
                "type": "get_attr",
                "value": "networks_advanced"
              }
            ],
            [
              {
                "type": "get_attr",
                "value": "env"
              }
            ]
          ],
          "private": "eyJzY2hlbWFfdmVyc2lvbiI6IjIifQ==",
          "dependencies": [
            "data.vault_kv_secret_v2.terraform_secrets",
            "docker_network.monitoring_network",
            "docker_network.traefik_network",
            "module.redis.docker_container.redis"
          ]
        }
      ]
    },
    {
      "module": "module.security",
      "mode": "managed",
      "type": "docker_container",
      "name": "security_metrics",
      "provider": "provider[\"registry.terraform.io/kreuzwerker/docker\"]",
      "instances": [
        {
          "schema_version": 2,
          "attributes": {
            "attach": false,
            "bridge": "",
            "capabilities": [],
            "cgroupns_mode": null,
            "command": [
              "--path.rootfs=/host",
              "--collector.textfile.directory=/metrics"
            ],
            "container_logs": null,
            "container_read_refresh_timeout_milliseconds": 15000,
            "cpu_set": "",
            "cpu_shares": 0,
            "destroy_grace_seconds": null,
            "devices": [],
            "dns": null,
            "dns_opts": null,
            "dns_search": null,
            "domainname": "",
            "entrypoint": [
              "/bin/node_exporter"
            ],
            "env": [],
            "exit_code": null,
            "gpus": null,
            "group_add": null,
            "healthcheck": null,
            "host": [],
            "hostname": "c4254b7813d6",
            "id": "c4254b7813d6174bdbd2897d824f208c71c544dd1c9c019d48cd58a951b48d44",
            "image": "sha256:71dc9668b154bd072420bf69f59140ceeac04b88cf300bfa24053eb02a04f169",
            "init": false,
            "ipc_mode": "private",
            "labels": [
              {
                "label": "prometheus.io/scrape",
                "value": "true"
              }
            ],
            "log_driver": "json-file",
            "log_opts": null,
            "logs": false,
            "max_retry_count": 0,
            "memory": 0,
            "memory_swap": 0,
            "mounts": [],
            "must_run": true,
            "name": "security-metrics",
            "network_data": [
              {
                "gateway": "",
                "global_ipv6_address": "",
                "global_ipv6_prefix_length": 0,
                "ip_address": "10.0.6.204",
                "ip_prefix_length": 24,
                "ipv6_gateway": "",
                "mac_address": "02:42:0a:00:06:cc",
                "network_name": "monitoring_network"
              }
            ],
            "network_mode": "bridge",
            "networks_advanced": [
              {
                "aliases": [],
                "ipv4_address": "",
                "ipv6_address": "",
                "name": "monitoring_network"
              }
            ],
            "pid_mode": "",
            "ports": [],
            "privileged": false,
            "publish_all_ports": false,
            "read_only": false,
            "remove_volumes": true,
            "restart": "no",
            "rm": false,
            "runtime": "runc",
            "security_opts": [],
            "shm_size": 64,
            "start": true,
            "stdin_open": false,
            "stop_signal": "",
            "stop_timeout": 0,
            "storage_opts": null,
            "sysctls": null,
            "tmpfs": null,
            "tty": false,
            "ulimit": [],
            "upload": [],
            "user": "nobody",
            "userns_mode": "",
            "volumes": [
              {
                "container_path": "/metrics",
                "from_container": "",
                "host_path": "/home/rob/repos/infrastructure/terraform/security/metrics",
                "read_only": true,
                "volume_name": ""
              }
            ],
            "wait": false,
            "wait_timeout": 60,
            "working_dir": ""
          },
          "sensitive_attributes": [
            [
              {
                "type": "get_attr",
                "value": "networks_advanced"
              }
            ]
          ],
          "private": "eyJzY2hlbWFfdmVyc2lvbiI6IjIifQ==",
          "dependencies": [
            "data.vault_kv_secret_v2.terraform_secrets",
            "docker_network.monitoring_network",
            "docker_network.traefik_network",
            "module.monitoring.docker_container.cadvisor",
            "module.monitoring.docker_container.node_exporter",
            "module.monitoring.docker_container.prometheus",
            "module.monitoring.docker_service.grafana",
            "module.security.docker_container.security_scanner",
            "module.security.docker_container.trivy"
          ]
        }
      ]
    },
    {
      "module": "module.security",
      "mode": "managed",
      "type": "docker_container",
      "name": "security_scanner",
      "provider": "provider[\"registry.terraform.io/kreuzwerker/docker\"]",
      "instances": [
        {
          "schema_version": 2,
          "attributes": {
            "attach": false,
            "bridge": "",
            "capabilities": [],
            "cgroupns_mode": null,
            "command": [
              "/bin/sh",
              "-c",
              "      # Install required tools\n      apk update \u0026\u0026 \\\n      apk add --no-cache \\\n        curl \\\n        jq \\\n        dcron \\\n        wget \\\n        bind-tools  # Voor DNS debugging\n\n      # Create required directories\n      mkdir -p /scanner/results /scanner/metrics\n\n      # Test DNS resolving\n      echo \"Testing DNS resolution for trivy...\"\n      nslookup trivy || true\n\n      # Create scan script\n      cat \u003e /scanner/scan.sh \u003c\u003c 'EOF'\n      #!/bin/sh\n\n      echo \"Starting vulnerability scan at $(date)\"\n\n      # Ensure trivy server is available\n      echo \"Testing connection to Trivy server...\"\n      until wget --spider -q http://trivy:8080/health; do\n        echo \"Waiting for Trivy server... ($(date))\"\n        echo \"Current DNS resolution:\"\n        nslookup trivy || true\n        sleep 5\n      done\n\n      echo \"Trivy server is available\"\n\n      # Get list of running containers\n      echo \"Fetching container list...\"\n      containers=$(curl --unix-socket /var/run/docker.sock \"http://localhost/containers/json\" 2\u003e/dev/null)\n\n      if [ -z \"${containers}\" ]; then\n        echo \"Error: Could not get container list\"\n        exit 1\n      fi\n\n      # Initialize metrics file\n      echo \"Initializing metrics...\"\n      echo \"# HELP security_vulnerabilities_total Total number of vulnerabilities by severity\" \u003e /scanner/metrics/vulnerabilities.prom\n      echo \"# TYPE security_vulnerabilities_total gauge\" \u003e\u003e /scanner/metrics/vulnerabilities.prom\n\n      total_high=0\n      total_critical=0\n\n      # Scan each container\n      echo \"${containers}\" | jq -r '.[].Image' | while read -r image; do\n        echo \"Scanning image: ${image}\"\n\n        # Create result directory if it doesn't exist\n        mkdir -p \"/scanner/results/$(date +%Y%m%d)\"\n\n        # Run Trivy scan\n        echo \"Running Trivy scan for ${image}...\"\n        scan_result=$(curl -v -s -X POST \"http://trivy:8080/scan\" \\\n          -H \"Content-Type: application/json\" \\\n          -d \"{\\\"image\\\":\\\"${image}\\\"}\" 2\u003e/scanner/results/$(date +%Y%m%d)/curl_debug.log)\n\n        # Save full scan result\n        echo \"${scan_result}\" \u003e \"/scanner/results/$(date +%Y%m%d)/${image//\\//_}.json\"\n\n        # Parse vulnerabilities\n        high_vulns=$(echo \"${scan_result}\" | jq '[.Results[] | select(.Vulnerabilities != null) | .Vulnerabilities[] | select(.Severity == \"HIGH\")] | length')\n        critical_vulns=$(echo \"${scan_result}\" | jq '[.Results[] | select(.Vulnerabilities != null) | .Vulnerabilities[] | select(.Severity == \"CRITICAL\")] | length')\n\n        total_high=$((total_high + high_vulns))\n        total_critical=$((total_critical + critical_vulns))\n\n        if [ \"${high_vulns}\" -gt 0 ] || [ \"${critical_vulns}\" -gt 0 ]; then\n          echo \"WARNING: Found ${high_vulns} HIGH and ${critical_vulns} CRITICAL vulnerabilities in ${image}\"\n\n          # Export metrics for this image\n          echo \"security_vulnerabilities_high_total{image=\\\"${image}\\\"} ${high_vulns}\" \u003e\u003e /scanner/metrics/vulnerabilities.prom\n          echo \"security_vulnerabilities_critical_total{image=\\\"${image}\\\"} ${critical_vulns}\" \u003e\u003e /scanner/metrics/vulnerabilities.prom\n        fi\n      done\n\n      # Export total metrics\n      echo \"security_vulnerabilities_high_total{image=\\\"total\\\"} ${total_high}\" \u003e\u003e /scanner/metrics/vulnerabilities.prom\n      echo \"security_vulnerabilities_critical_total{image=\\\"total\\\"} ${total_critical}\" \u003e\u003e /scanner/metrics/vulnerabilities.prom\n\n      # Copy metrics to node exporter directory\n      cp /scanner/metrics/vulnerabilities.prom /metrics/vulnerabilities.prom\n\n      echo \"Scan completed at $(date)\"\nEOF\n\n      chmod +x /scanner/scan.sh\n\n      # Setup daily scan\n      mkdir -p /var/spool/cron/crontabs\n      echo \"0 3 * * * /scanner/scan.sh \u003e\u003e /scanner/scan.log 2\u003e\u00261\" \u003e /var/spool/cron/crontabs/root\n      chmod 0644 /var/spool/cron/crontabs/root\n\n      # Initial scan\n      echo \"Running initial scan...\"\n      /scanner/scan.sh\n\n      # Start cron\n      exec crond -f\n"
            ],
            "container_logs": null,
            "container_read_refresh_timeout_milliseconds": 15000,
            "cpu_set": "",
            "cpu_shares": 0,
            "destroy_grace_seconds": null,
            "devices": [],
            "dns": null,
            "dns_opts": null,
            "dns_search": [
              "traefik_network"
            ],
            "domainname": "",
            "entrypoint": [],
            "env": [],
            "exit_code": null,
            "gpus": null,
            "group_add": null,
            "healthcheck": [
              {
                "interval": "30s",
                "retries": 3,
                "start_period": "40s",
                "test": [
                  "CMD",
                  "wget",
                  "--spider",
                  "--quiet",
                  "http://trivy:8080/health"
                ],
                "timeout": "10s"
              }
            ],
            "host": [],
            "hostname": "security-scanner",
            "id": "662f571ef8eaaa962b97db8d75126ae0716bf4faafbdd6564a19b41e5c1d2095",
            "image": "sha256:4048db5d36726e313ab8f7ffccf2362a34cba69e4cdd49119713483a68641fce",
            "init": false,
            "ipc_mode": "private",
            "labels": [],
            "log_driver": "json-file",
            "log_opts": null,
            "logs": false,
            "max_retry_count": 0,
            "memory": 0,
            "memory_swap": 0,
            "mounts": [],
            "must_run": true,
            "name": "security-scanner",
            "network_data": [
              {
                "gateway": "",
                "global_ipv6_address": "",
                "global_ipv6_prefix_length": 0,
                "ip_address": "10.0.6.203",
                "ip_prefix_length": 24,
                "ipv6_gateway": "",
                "mac_address": "02:42:0a:00:06:cb",
                "network_name": "monitoring_network"
              },
              {
                "gateway": "",
                "global_ipv6_address": "",
                "global_ipv6_prefix_length": 0,
                "ip_address": "10.0.5.214",
                "ip_prefix_length": 24,
                "ipv6_gateway": "",
                "mac_address": "02:42:0a:00:05:d6",
                "network_name": "traefik_network"
              }
            ],
            "network_mode": "bridge",
            "networks_advanced": [
              {
                "aliases": [],
                "ipv4_address": "",
                "ipv6_address": "",
                "name": "monitoring_network"
              },
              {
                "aliases": [],
                "ipv4_address": "",
                "ipv6_address": "",
                "name": "traefik_network"
              }
            ],
            "pid_mode": "",
            "ports": [],
            "privileged": false,
            "publish_all_ports": false,
            "read_only": false,
            "remove_volumes": true,
            "restart": "unless-stopped",
            "rm": false,
            "runtime": "runc",
            "security_opts": [],
            "shm_size": 64,
            "start": true,
            "stdin_open": false,
            "stop_signal": "",
            "stop_timeout": 0,
            "storage_opts": null,
            "sysctls": null,
            "tmpfs": null,
            "tty": false,
            "ulimit": [],
            "upload": [],
            "user": "",
            "userns_mode": "",
            "volumes": [
              {
                "container_path": "/metrics",
                "from_container": "",
                "host_path": "/home/rob/repos/infrastructure/terraform/security/metrics",
                "read_only": null,
                "volume_name": ""
              },
              {
                "container_path": "/scanner/metrics",
                "from_container": "",
                "host_path": "/home/rob/repos/infrastructure/terraform/security/metrics",
                "read_only": null,
                "volume_name": ""
              },
              {
                "container_path": "/scanner/results",
                "from_container": "",
                "host_path": "/home/rob/repos/infrastructure/terraform/security/scanner-results",
                "read_only": null,
                "volume_name": ""
              },
              {
                "container_path": "/var/run/docker.sock",
                "from_container": "",
                "host_path": "/var/run/docker.sock",
                "read_only": null,
                "volume_name": ""
              }
            ],
            "wait": false,
            "wait_timeout": 60,
            "working_dir": "/"
          },
          "sensitive_attributes": [
            [
              {
                "type": "get_attr",
                "value": "networks_advanced"
              }
            ]
          ],
          "private": "eyJzY2hlbWFfdmVyc2lvbiI6IjIifQ==",
          "dependencies": [
            "data.vault_kv_secret_v2.terraform_secrets",
            "docker_network.monitoring_network",
            "docker_network.traefik_network",
            "module.monitoring.docker_container.cadvisor",
            "module.monitoring.docker_container.node_exporter",
            "module.monitoring.docker_container.prometheus",
            "module.monitoring.docker_service.grafana",
            "module.security.docker_container.trivy"
          ]
        }
      ]
    },
    {
      "module": "module.security",
      "mode": "managed",
      "type": "docker_container",
      "name": "trivy",
      "provider": "provider[\"registry.terraform.io/kreuzwerker/docker\"]",
      "instances": [
        {
          "schema_version": 2,
          "attributes": {
            "attach": false,
            "bridge": "",
            "capabilities": [],
            "cgroupns_mode": null,
            "command": [
              "server",
              "--listen",
              "0.0.0.0:8080",
              "--cache-dir",
              "/trivy-cache",
              "--debug"
            ],
            "container_logs": null,
            "container_read_refresh_timeout_milliseconds": 15000,
            "cpu_set": "",
            "cpu_shares": 0,
            "destroy_grace_seconds": null,
            "devices": [],
            "dns": null,
            "dns_opts": null,
            "dns_search": null,
            "domainname": "",
            "entrypoint": [
              "trivy"
            ],
            "env": [],
            "exit_code": null,
            "gpus": null,
            "group_add": null,
            "healthcheck": [
              {
                "interval": "10s",
                "retries": 3,
                "start_period": "10s",
                "test": [
                  "CMD",
                  "wget",
                  "--spider",
                  "--quiet",
                  "http://localhost:8080/health"
                ],
                "timeout": "5s"
              }
            ],
            "host": [],
            "hostname": "trivy",
            "id": "3478bb27005da84a4b4b4a06d14d2da21993cb198fae886b39737226b5165439",
            "image": "sha256:70a7003c1ecb42cbafa51fa2af22b0bc1cfdc68fdc7312029ddc656546e8bc64",
            "init": false,
            "ipc_mode": "private",
            "labels": [
              {
                "label": "traefik.enable",
                "value": "true"
              },
              {
                "label": "traefik.http.routers.trivy.entrypoints",
                "value": "https"
              },
              {
                "label": "traefik.http.routers.trivy.rule",
                "value": "Host(`security.example.com`)"
              },
              {
                "label": "traefik.http.routers.trivy.tls",
                "value": "true"
              }
            ],
            "log_driver": "json-file",
            "log_opts": null,
            "logs": false,
            "max_retry_count": 0,
            "memory": 0,
            "memory_swap": 0,
            "mounts": [],
            "must_run": true,
            "name": "trivy",
            "network_data": [
              {
                "gateway": "",
                "global_ipv6_address": "",
                "global_ipv6_prefix_length": 0,
                "ip_address": "10.0.6.199",
                "ip_prefix_length": 24,
                "ipv6_gateway": "",
                "mac_address": "02:42:0a:00:06:c7",
                "network_name": "monitoring_network"
              },
              {
                "gateway": "",
                "global_ipv6_address": "",
                "global_ipv6_prefix_length": 0,
                "ip_address": "10.0.5.210",
                "ip_prefix_length": 24,
                "ipv6_gateway": "",
                "mac_address": "02:42:0a:00:05:d2",
                "network_name": "traefik_network"
              }
            ],
            "network_mode": "bridge",
            "networks_advanced": [
              {
                "aliases": [],
                "ipv4_address": "",
                "ipv6_address": "",
                "name": "monitoring_network"
              },
              {
                "aliases": [],
                "ipv4_address": "",
                "ipv6_address": "",
                "name": "traefik_network"
              }
            ],
            "pid_mode": "",
            "ports": [],
            "privileged": false,
            "publish_all_ports": false,
            "read_only": false,
            "remove_volumes": true,
            "restart": "unless-stopped",
            "rm": false,
            "runtime": "runc",
            "security_opts": [],
            "shm_size": 64,
            "start": true,
            "stdin_open": false,
            "stop_signal": "",
            "stop_timeout": 0,
            "storage_opts": null,
            "sysctls": null,
            "tmpfs": null,
            "tty": false,
            "ulimit": [],
            "upload": [],
            "user": "",
            "userns_mode": "",
            "volumes": [
              {
                "container_path": "/trivy-cache",
                "from_container": "",
                "host_path": "/home/rob/repos/infrastructure/terraform/security/trivy-cache",
                "read_only": null,
                "volume_name": ""
              },
              {
                "container_path": "/var/run/docker.sock",
                "from_container": "",
                "host_path": "/var/run/docker.sock",
                "read_only": null,
                "volume_name": ""
              }
            ],
            "wait": false,
            "wait_timeout": 60,
            "working_dir": "/"
          },
          "sensitive_attributes": [
            [
              {
                "type": "get_attr",
                "value": "command"
              }
            ],
            [
              {
                "type": "get_attr",
                "value": "networks_advanced"
              }
            ]
          ],
          "private": "eyJzY2hlbWFfdmVyc2lvbiI6IjIifQ==",
          "dependencies": [
            "data.vault_kv_secret_v2.terraform_secrets",
            "docker_network.monitoring_network",
            "docker_network.traefik_network",
            "module.monitoring.docker_container.cadvisor",
            "module.monitoring.docker_container.node_exporter",
            "module.monitoring.docker_container.prometheus",
            "module.monitoring.docker_service.grafana"
          ]
        }
      ]
    }
  ],
  "check_results": null
}
