{
  "version": 4,
  "terraform_version": "1.10.1",
  "serial": 2233,
  "lineage": "17ce5ceb-12f9-0547-8e6d-73b35880dd16",
  "outputs": {
    "cadvisor_endpoint": {
      "value": "http://cadvisor.example.com",
      "type": "string"
    },
    "grafana_endpoint": {
      "value": "http://grafana.example.com",
      "type": "string"
    },
    "prometheus_endpoint": {
      "value": "http://prometheus.example.com",
      "type": "string"
    },
    "traefik_endpoint": {
      "value": "http://traefik.example.com",
      "type": "string"
    }
  },
  "resources": [
    {
      "mode": "data",
      "type": "vault_kv_secret_v2",
      "name": "terraform",
      "provider": "provider[\"registry.terraform.io/hashicorp/vault\"]",
      "instances": [
        {
          "schema_version": 0,
          "attributes": {
            "created_time": "2024-12-10T12:35:15.682952894Z",
            "custom_metadata": null,
            "data": {
              "acme_email": "robbrinkkemper@gmail.com",
              "auth_network_name": "auth_network",
              "aws_access_key": "HcpMGiDuerdmO3q/7wmm3OdwrtCch0NCNJabbTW5/+E=",
              "aws_secret_key": "OD29oTU1eSH2Z2ipODzYoTXgcmYodD9UEwmJLplbMq535",
              "backup_password": "/SqBkTf0yeSmQUQnm9QgcrvYyLnis7nMYbwEVRuting=",
              "backup_retention_days": "30",
              "couchdb_password": "Huifhasu2789*\u0026^*@afsfjkA",
              "couchdb_secret": "7x!A%D*G-KaPdSgVkYp3s6v9y$B?E(HO",
              "couchdb_user": "admin",
              "grafana_admin_password": "R8429358maafA#~s9j8348v\u003cF10\u003e1",
              "grafana_admin_user": "admin",
              "keycloak_admin": "admin",
              "keycloak_admin_password": "jKJHFY\u003c\u0026^@dKKj1jaflkjk!2",
              "logging_network_name": "logging_network",
              "minio_root_password": "JKjkl\u003cF8\u003e7435fHGF*@)!$#KKD",
              "minio_root_user": "admin",
              "monitoring_network_name": "monitoring_network",
              "postgres_password": "dahkjh4243JGJDWG\u003cF7\u003e\u003cF2\u003e\u003cF9\u003e~#4JKFSl;",
              "postgres_user": "keycloak",
              "redis_password": "oiu87U\u003cS-F7\u003e3\u0026\u002652)(*fdas",
              "s3_backup_bucket": "GJKWEMncpFVMENyNpskbIHlmu2boxuQlUht3RerxDDU=",
              "traefik_admin_auth": "admin:$apr1$E.rg.KLG$nYKSo.f4rSvOBkIM99f09",
              "traefik_network_name": "traefik_network"
            },
            "data_json": "{\"acme_email\":\"robbrinkkemper@gmail.com\",\"auth_network_name\":\"auth_network\",\"aws_access_key\":\"HcpMGiDuerdmO3q/7wmm3OdwrtCch0NCNJabbTW5/+E=\",\"aws_secret_key\":\"OD29oTU1eSH2Z2ipODzYoTXgcmYodD9UEwmJLplbMq535\",\"backup_password\":\"/SqBkTf0yeSmQUQnm9QgcrvYyLnis7nMYbwEVRuting=\",\"backup_retention_days\":\"30\",\"couchdb_password\":\"Huifhasu2789*\\u0026^*@afsfjkA\",\"couchdb_secret\":\"7x!A%D*G-KaPdSgVkYp3s6v9y$B?E(HO\",\"couchdb_user\":\"admin\",\"grafana_admin_password\":\"R8429358maafA#~s9j8348v\\u003cF10\\u003e1\",\"grafana_admin_user\":\"admin\",\"keycloak_admin\":\"admin\",\"keycloak_admin_password\":\"jKJHFY\\u003c\\u0026^@dKKj1jaflkjk!2\",\"logging_network_name\":\"logging_network\",\"minio_root_password\":\"JKjkl\\u003cF8\\u003e7435fHGF*@)!$#KKD\",\"minio_root_user\":\"admin\",\"monitoring_network_name\":\"monitoring_network\",\"postgres_password\":\"dahkjh4243JGJDWG\\u003cF7\\u003e\\u003cF2\\u003e\\u003cF9\\u003e~#4JKFSl;\",\"postgres_user\":\"keycloak\",\"redis_password\":\"oiu87U\\u003cS-F7\\u003e3\\u0026\\u002652)(*fdas\",\"s3_backup_bucket\":\"GJKWEMncpFVMENyNpskbIHlmu2boxuQlUht3RerxDDU=\",\"traefik_admin_auth\":\"admin:$apr1$E.rg.KLG$nYKSo.f4rSvOBkIM99f09\",\"traefik_network_name\":\"traefik_network\"}",
            "deletion_time": "",
            "destroyed": false,
            "id": "secret/data/terraform",
            "mount": "secret",
            "name": "terraform",
            "namespace": null,
            "path": "secret/data/terraform",
            "version": null
          },
          "sensitive_attributes": [
            [
              {
                "type": "get_attr",
                "value": "data_json"
              }
            ],
            [
              {
                "type": "get_attr",
                "value": "data"
              }
            ]
          ]
        }
      ]
    },
    {
      "mode": "managed",
      "type": "docker_network",
      "name": "auth_network",
      "provider": "provider[\"registry.terraform.io/kreuzwerker/docker\"]",
      "instances": [
        {
          "schema_version": 1,
          "attributes": {
            "attachable": true,
            "check_duplicate": null,
            "driver": "overlay",
            "id": "sjne2kvgfy18zffg0vgujjtee",
            "ingress": false,
            "internal": false,
            "ipam_config": [
              {
                "aux_address": {},
                "gateway": "10.0.1.1",
                "ip_range": "",
                "subnet": "10.0.1.0/24"
              }
            ],
            "ipam_driver": "default",
            "ipam_options": {},
            "ipv6": false,
            "labels": [],
            "name": "auth_network",
            "options": {
              "com.docker.network.driver.overlay.vxlanid_list": "4097"
            },
            "scope": "swarm"
          },
          "sensitive_attributes": [
            [
              {
                "type": "get_attr",
                "value": "name"
              }
            ]
          ],
          "private": "eyJzY2hlbWFfdmVyc2lvbiI6IjEifQ==",
          "dependencies": [
            "data.vault_kv_secret_v2.terraform"
          ]
        }
      ]
    },
    {
      "mode": "managed",
      "type": "docker_network",
      "name": "logging_network",
      "provider": "provider[\"registry.terraform.io/kreuzwerker/docker\"]",
      "instances": [
        {
          "schema_version": 1,
          "attributes": {
            "attachable": true,
            "check_duplicate": null,
            "driver": "overlay",
            "id": "p4oh29d6isve2ff407s06tjl8",
            "ingress": false,
            "internal": false,
            "ipam_config": [
              {
                "aux_address": {},
                "gateway": "10.0.2.1",
                "ip_range": "",
                "subnet": "10.0.2.0/24"
              }
            ],
            "ipam_driver": "default",
            "ipam_options": {},
            "ipv6": false,
            "labels": [],
            "name": "logging_network",
            "options": {
              "com.docker.network.driver.overlay.vxlanid_list": "4098"
            },
            "scope": "swarm"
          },
          "sensitive_attributes": [
            [
              {
                "type": "get_attr",
                "value": "name"
              }
            ]
          ],
          "private": "eyJzY2hlbWFfdmVyc2lvbiI6IjEifQ==",
          "dependencies": [
            "data.vault_kv_secret_v2.terraform"
          ]
        }
      ]
    },
    {
      "mode": "managed",
      "type": "docker_network",
      "name": "monitoring_network",
      "provider": "provider[\"registry.terraform.io/kreuzwerker/docker\"]",
      "instances": [
        {
          "schema_version": 1,
          "attributes": {
            "attachable": true,
            "check_duplicate": null,
            "driver": "overlay",
            "id": "6y73k191rc64h6882u61lr3do",
            "ingress": false,
            "internal": false,
            "ipam_config": [
              {
                "aux_address": {},
                "gateway": "10.0.6.1",
                "ip_range": "",
                "subnet": "10.0.6.0/24"
              }
            ],
            "ipam_driver": "default",
            "ipam_options": {},
            "ipv6": false,
            "labels": [],
            "name": "monitoring_network",
            "options": {
              "com.docker.network.driver.overlay.vxlanid_list": "4115"
            },
            "scope": "swarm"
          },
          "sensitive_attributes": [
            [
              {
                "type": "get_attr",
                "value": "name"
              }
            ]
          ],
          "private": "eyJzY2hlbWFfdmVyc2lvbiI6IjEifQ==",
          "dependencies": [
            "data.vault_kv_secret_v2.terraform"
          ]
        }
      ]
    },
    {
      "mode": "managed",
      "type": "docker_network",
      "name": "traefik_network",
      "provider": "provider[\"registry.terraform.io/kreuzwerker/docker\"]",
      "instances": [
        {
          "schema_version": 1,
          "attributes": {
            "attachable": true,
            "check_duplicate": null,
            "driver": "overlay",
            "id": "wtfymt1kmi1enyaudetv7728m",
            "ingress": false,
            "internal": false,
            "ipam_config": [
              {
                "aux_address": {},
                "gateway": "10.0.5.1",
                "ip_range": "",
                "subnet": "10.0.5.0/24"
              }
            ],
            "ipam_driver": "default",
            "ipam_options": {},
            "ipv6": false,
            "labels": [],
            "name": "traefik_network",
            "options": {
              "com.docker.network.driver.overlay.vxlanid_list": "4114"
            },
            "scope": "swarm"
          },
          "sensitive_attributes": [
            [
              {
                "type": "get_attr",
                "value": "name"
              }
            ]
          ],
          "private": "eyJzY2hlbWFfdmVyc2lvbiI6IjEifQ==",
          "dependencies": [
            "data.vault_kv_secret_v2.terraform"
          ]
        }
      ]
    },
    {
      "module": "module.logging",
      "mode": "managed",
      "type": "local_file",
      "name": "loki_config",
      "provider": "provider[\"registry.terraform.io/hashicorp/local\"]",
      "instances": [
        {
          "schema_version": 0,
          "attributes": {
            "content": "auth_enabled: false\n\nserver:\n  http_listen_port: 3100\n\ncommon:\n  path_prefix: /loki\n  storage:\n    filesystem:\n      chunks_directory: /loki/chunks\n      rules_directory: /loki/rules\n  replication_factor: 1\n  ring:\n    kvstore:\n      store: inmemory\n\nschema_config:\n  configs:\n    - from: 2020-01-01\n      store: boltdb-shipper\n      object_store: filesystem\n      schema: v11\n      index:\n        prefix: index_\n        period: 24h\n\nlimits_config:\n  retention_period: 168h\n\ncompactor:\n  working_directory: /loki/compactor\n  shared_store: filesystem\n  compaction_interval: 10m\n",
            "content_base64": null,
            "content_base64sha256": "dWFoekSmBeGg7uDQPsKGeS3sM2A48aw1lXtrwDa2scU=",
            "content_base64sha512": "K92biKjDTsh4ykBCB2/zRqn2iAGp7YIaEEh1fTbCO0h4DVxhQ2btEpz6mw8hz3X5vRErGqFgt4A7xSVIy8rgow==",
            "content_md5": "28cc3669b94d641e4d090a4b570fb3d2",
            "content_sha1": "059ff819f3bb01cd1a4569cb6e188bc8a9f5db46",
            "content_sha256": "7561687a44a605e1a0eee0d03ec286792dec336038f1ac35957b6bc036b6b1c5",
            "content_sha512": "2bdd9b88a8c34ec878ca4042076ff346a9f68801a9ed821a1048757d36c23b48780d5c614366ed129cfa9b0f21cf75f9bd112b1aa160b7803bc52548cbcae0a3",
            "directory_permission": "0777",
            "file_permission": "0777",
            "filename": "/home/rob/repos/infrastructure/terraform/logging/config/loki-config.yaml",
            "id": "059ff819f3bb01cd1a4569cb6e188bc8a9f5db46",
            "sensitive_content": null,
            "source": null
          },
          "sensitive_attributes": [
            [
              {
                "type": "get_attr",
                "value": "sensitive_content"
              }
            ]
          ],
          "dependencies": [
            "data.vault_kv_secret_v2.terraform",
            "docker_network.monitoring_network",
            "docker_network.traefik_network",
            "module.monitoring.docker_container.cadvisor",
            "module.monitoring.docker_container.node_exporter",
            "module.monitoring.docker_container.prometheus",
            "module.monitoring.docker_service.grafana"
          ]
        }
      ]
    },
    {
      "module": "module.logging",
      "mode": "managed",
      "type": "local_file",
      "name": "promtail_configuration",
      "provider": "provider[\"registry.terraform.io/hashicorp/local\"]",
      "instances": [
        {
          "schema_version": 0,
          "attributes": {
            "content": "server:\n  http_listen_port: 9080\n  grpc_listen_port: 0\n\npositions:\n  filename: /tmp/positions.yaml\n\nclients:\n  - url: http://loki:3100/loki/api/v1/push\n\nscrape_configs:\n  - job_name: docker\n    static_configs:\n      - targets:\n          - localhost\n        labels:\n          job: docker\n          __path__: /var/lib/docker/containers/*/*-json.log\n    pipeline_stages:\n      - json:\n          expressions:\n            output: log\n            stream: stream\n            timestamp: time\n      - timestamp:\n          source: timestamp\n          format: RFC3339Nano\n      - labels:\n          stream:\n      - output:\n          source: output\n",
            "content_base64": null,
            "content_base64sha256": "AJJckb2qbJMQLh7POCc20APvkVAB8TsfSt1tbPd6VLs=",
            "content_base64sha512": "wT6Kw8fKWTA9VAOqN594JEliJKIawlSk1ZdMjgJ2VmdHGAmH9trEwgWgapkZtUW1dTYq/yC2c5+2o56Y3kl0Zg==",
            "content_md5": "8c2fe5fc66ef4af2f3c6a1fe47cbadf6",
            "content_sha1": "c3cf8f009b90cc43c8cf46006ef24125f171711d",
            "content_sha256": "00925c91bdaa6c93102e1ecf382736d003ef915001f13b1f4add6d6cf77a54bb",
            "content_sha512": "c13e8ac3c7ca59303d5403aa379f7824496224a21ac254a4d5974c8e0276566747180987f6dac4c205a06a9919b545b575362aff20b6739fb6a39e98de497466",
            "directory_permission": "0777",
            "file_permission": "0777",
            "filename": "/home/rob/repos/infrastructure/terraform/logging/config/promtail-config.yaml",
            "id": "c3cf8f009b90cc43c8cf46006ef24125f171711d",
            "sensitive_content": null,
            "source": null
          },
          "sensitive_attributes": [
            [
              {
                "type": "get_attr",
                "value": "sensitive_content"
              }
            ]
          ],
          "dependencies": [
            "data.vault_kv_secret_v2.terraform",
            "docker_network.monitoring_network",
            "docker_network.traefik_network",
            "module.monitoring.docker_container.cadvisor",
            "module.monitoring.docker_container.node_exporter",
            "module.monitoring.docker_container.prometheus",
            "module.monitoring.docker_service.grafana"
          ]
        }
      ]
    },
    {
      "module": "module.monitoring",
      "mode": "managed",
      "type": "docker_service",
      "name": "grafana",
      "provider": "provider[\"registry.terraform.io/kreuzwerker/docker\"]",
      "instances": [
        {
          "schema_version": 2,
          "attributes": {
            "auth": [],
            "converge_config": [],
            "endpoint_spec": [
              {
                "mode": "vip",
                "ports": [
                  {
                    "name": "",
                    "protocol": "tcp",
                    "publish_mode": "ingress",
                    "published_port": 3000,
                    "target_port": 3000
                  }
                ]
              }
            ],
            "id": "xumlwck8uj6lzpzifjx22qy7o",
            "labels": [],
            "mode": [
              {
                "global": false,
                "replicated": [
                  {
                    "replicas": 1
                  }
                ]
              }
            ],
            "name": "grafana",
            "rollback_config": [],
            "task_spec": [
              {
                "container_spec": [
                  {
                    "args": null,
                    "command": null,
                    "configs": [],
                    "dir": "",
                    "dns_config": [
                      {
                        "nameservers": null,
                        "options": null,
                        "search": null
                      }
                    ],
                    "env": {
                      "GF_SECURITY_ADMIN_PASSWORD": "R8429358maafA#~s9j8348v\u003cF10\u003e1",
                      "GF_SECURITY_ADMIN_USER": "admin"
                    },
                    "groups": null,
                    "healthcheck": [
                      {
                        "interval": "0s",
                        "retries": 0,
                        "start_period": "0s",
                        "test": [],
                        "timeout": "0s"
                      }
                    ],
                    "hostname": "",
                    "hosts": [],
                    "image": "grafana/grafana:latest@sha256:d8ea37798ccc41061a62ab080f2676dda6bf7815558499f901bdb0f533a456fb",
                    "isolation": "default",
                    "labels": [
                      {
                        "label": "traefik.enable",
                        "value": "true"
                      },
                      {
                        "label": "traefik.http.routers.grafana.rule",
                        "value": "Host(`grafana.example.com`)"
                      }
                    ],
                    "mounts": [],
                    "privileges": [],
                    "read_only": false,
                    "secrets": [],
                    "stop_grace_period": "0s",
                    "stop_signal": "",
                    "sysctl": null,
                    "user": ""
                  }
                ],
                "force_update": 0,
                "log_driver": [],
                "networks_advanced": [
                  {
                    "aliases": [],
                    "driver_opts": [],
                    "name": "monitoring_network"
                  },
                  {
                    "aliases": [],
                    "driver_opts": [],
                    "name": "traefik_network"
                  }
                ],
                "placement": [
                  {
                    "constraints": [],
                    "max_replicas": 0,
                    "platforms": [
                      {
                        "architecture": "amd64",
                        "os": "linux"
                      }
                    ],
                    "prefs": []
                  }
                ],
                "resources": [
                  {
                    "limits": [],
                    "reservation": []
                  }
                ],
                "restart_policy": [
                  {
                    "condition": "any",
                    "delay": "",
                    "max_attempts": 0,
                    "window": ""
                  }
                ],
                "runtime": "container"
              }
            ],
            "update_config": []
          },
          "sensitive_attributes": [
            [
              {
                "type": "get_attr",
                "value": "task_spec"
              },
              {
                "type": "index",
                "value": {
                  "value": 0,
                  "type": "number"
                }
              },
              {
                "type": "get_attr",
                "value": "container_spec"
              },
              {
                "type": "index",
                "value": {
                  "value": 0,
                  "type": "number"
                }
              },
              {
                "type": "get_attr",
                "value": "env"
              },
              {
                "type": "index",
                "value": {
                  "value": "GF_SECURITY_ADMIN_PASSWORD",
                  "type": "string"
                }
              }
            ],
            [
              {
                "type": "get_attr",
                "value": "task_spec"
              },
              {
                "type": "index",
                "value": {
                  "value": 0,
                  "type": "number"
                }
              },
              {
                "type": "get_attr",
                "value": "container_spec"
              },
              {
                "type": "index",
                "value": {
                  "value": 0,
                  "type": "number"
                }
              },
              {
                "type": "get_attr",
                "value": "env"
              },
              {
                "type": "index",
                "value": {
                  "value": "GF_SECURITY_ADMIN_USER",
                  "type": "string"
                }
              }
            ],
            [
              {
                "type": "get_attr",
                "value": "task_spec"
              },
              {
                "type": "index",
                "value": {
                  "value": 0,
                  "type": "number"
                }
              },
              {
                "type": "get_attr",
                "value": "networks_advanced"
              }
            ]
          ],
          "private": "eyJzY2hlbWFfdmVyc2lvbiI6IjIifQ==",
          "dependencies": [
            "data.vault_kv_secret_v2.terraform",
            "docker_network.monitoring_network",
            "docker_network.traefik_network"
          ]
        }
      ]
    }
  ],
  "check_results": null
}
