{
  "version": 4,
  "terraform_version": "1.6.0",
  "serial": 4,
  "lineage": "17ce5ceb-12f9-0547-8e6d-73b35880dd16",
  "outputs": {
    "webnet_id": {
      "value": "wwsptx54l2bizgk1z3xj7a24z",
      "type": "string"
    }
  },
  "resources": [
    {
      "mode": "managed",
      "type": "docker_network",
      "name": "keycloak_network",
      "provider": "provider[\"registry.terraform.io/kreuzwerker/docker\"]",
      "instances": [
        {
          "schema_version": 1,
          "attributes": {
            "attachable": false,
            "check_duplicate": null,
            "driver": "overlay",
            "id": "ull0ekr1yiqnm1mgf3msnqzg8",
            "ingress": false,
            "internal": false,
            "ipam_config": [
              {
                "aux_address": {},
                "gateway": "10.0.2.1",
                "ip_range": "",
                "subnet": "10.0.2.0/24"
              }
            ],
            "ipam_driver": "default",
            "ipam_options": null,
            "ipv6": false,
            "labels": [],
            "name": "keycloak_network",
            "options": {
              "com.docker.network.driver.overlay.vxlanid_list": "4098"
            },
            "scope": "swarm"
          },
          "sensitive_attributes": [],
          "private": "eyJzY2hlbWFfdmVyc2lvbiI6IjEifQ=="
        }
      ]
    },
    {
      "mode": "managed",
      "type": "docker_network",
      "name": "monitoring_net",
      "provider": "provider[\"registry.terraform.io/kreuzwerker/docker\"]",
      "instances": [
        {
          "schema_version": 1,
          "attributes": {
            "attachable": false,
            "check_duplicate": null,
            "driver": "overlay",
            "id": "bkxqum2ppz106fv98rp5zu90u",
            "ingress": false,
            "internal": false,
            "ipam_config": [
              {
                "aux_address": {},
                "gateway": "10.0.3.1",
                "ip_range": "",
                "subnet": "10.0.3.0/24"
              }
            ],
            "ipam_driver": "default",
            "ipam_options": null,
            "ipv6": false,
            "labels": [],
            "name": "monitoring_net",
            "options": {
              "com.docker.network.driver.overlay.vxlanid_list": "4099"
            },
            "scope": "swarm"
          },
          "sensitive_attributes": [],
          "private": "eyJzY2hlbWFfdmVyc2lvbiI6IjEifQ=="
        }
      ]
    },
    {
      "mode": "managed",
      "type": "docker_network",
      "name": "webnet",
      "provider": "provider[\"registry.terraform.io/kreuzwerker/docker\"]",
      "instances": [
        {
          "schema_version": 1,
          "attributes": {
            "attachable": false,
            "check_duplicate": null,
            "driver": "overlay",
            "id": "wwsptx54l2bizgk1z3xj7a24z",
            "ingress": false,
            "internal": false,
            "ipam_config": [
              {
                "aux_address": {},
                "gateway": "10.0.4.1",
                "ip_range": "",
                "subnet": "10.0.4.0/24"
              }
            ],
            "ipam_driver": "default",
            "ipam_options": null,
            "ipv6": false,
            "labels": [],
            "name": "webnet",
            "options": {
              "com.docker.network.driver.overlay.vxlanid_list": "4100"
            },
            "scope": "swarm"
          },
          "sensitive_attributes": [],
          "private": "eyJzY2hlbWFfdmVyc2lvbiI6IjEifQ=="
        }
      ]
    }
  ],
  "check_results": null
}
